// !$*UTF8*$!
{
	archiveVersion = 1;
	classes = {
	};
	objectVersion = 46;
	objects = {

/* Begin PBXBuildFile section */
		00C302E51ABCBA2D00DB3ED1 /* libRCTActionSheet.a in Frameworks */ = {isa = PBXBuildFile; fileRef = 00C302AC1ABCB8CE00DB3ED1 /* libRCTActionSheet.a */; };
		00C302E71ABCBA2D00DB3ED1 /* libRCTGeolocation.a in Frameworks */ = {isa = PBXBuildFile; fileRef = 00C302BA1ABCB90400DB3ED1 /* libRCTGeolocation.a */; };
		00C302E81ABCBA2D00DB3ED1 /* libRCTImage.a in Frameworks */ = {isa = PBXBuildFile; fileRef = 00C302C01ABCB91800DB3ED1 /* libRCTImage.a */; };
		00C302E91ABCBA2D00DB3ED1 /* libRCTNetwork.a in Frameworks */ = {isa = PBXBuildFile; fileRef = 00C302DC1ABCB9D200DB3ED1 /* libRCTNetwork.a */; };
		00C302EA1ABCBA2D00DB3ED1 /* libRCTVibration.a in Frameworks */ = {isa = PBXBuildFile; fileRef = 00C302E41ABCB9EE00DB3ED1 /* libRCTVibration.a */; };
		133E29F31AD74F7200F7D852 /* libRCTLinking.a in Frameworks */ = {isa = PBXBuildFile; fileRef = 78C398B91ACF4ADC00677621 /* libRCTLinking.a */; };
		139105C61AF99C1200B5F7CC /* libRCTSettings.a in Frameworks */ = {isa = PBXBuildFile; fileRef = 139105C11AF99BAD00B5F7CC /* libRCTSettings.a */; };
		139FDEF61B0652A700C62182 /* libRCTWebSocket.a in Frameworks */ = {isa = PBXBuildFile; fileRef = 139FDEF41B06529B00C62182 /* libRCTWebSocket.a */; };
		13B07FBC1A68108700A75B9A /* AppDelegate.m in Sources */ = {isa = PBXBuildFile; fileRef = 13B07FB01A68108700A75B9A /* AppDelegate.m */; };
		13B07FBD1A68108700A75B9A /* LaunchScreen.xib in Resources */ = {isa = PBXBuildFile; fileRef = 13B07FB11A68108700A75B9A /* LaunchScreen.xib */; };
		13B07FBF1A68108700A75B9A /* Images.xcassets in Resources */ = {isa = PBXBuildFile; fileRef = 13B07FB51A68108700A75B9A /* Images.xcassets */; };
		13B07FC11A68108700A75B9A /* main.m in Sources */ = {isa = PBXBuildFile; fileRef = 13B07FB71A68108700A75B9A /* main.m */; };
		140ED2AC1D01E1AD002B40FF /* libReact.a in Frameworks */ = {isa = PBXBuildFile; fileRef = 146834041AC3E56700842450 /* libReact.a */; };
		146834051AC3E58100842450 /* libReact.a in Frameworks */ = {isa = PBXBuildFile; fileRef = 146834041AC3E56700842450 /* libReact.a */; };
		163B7FEE18444549A821C047 /* libRNAdMobManager.a in Frameworks */ = {isa = PBXBuildFile; fileRef = A7B0340C4A624606A2B369FE /* libRNAdMobManager.a */; };
		2431882F8FDC4B2FB4CF0F77 /* Octicons.ttf in Resources */ = {isa = PBXBuildFile; fileRef = 98BFD35B2453492EB4FB7138 /* Octicons.ttf */; };
		252E6FBE0B2B426BAC6A6388 /* libInAppUtils.a in Frameworks */ = {isa = PBXBuildFile; fileRef = E9F53533A38A452D8B2E503F /* libInAppUtils.a */; };
		425DEC3E49F847F7A05F8F23 /* Entypo.ttf in Resources */ = {isa = PBXBuildFile; fileRef = A8B4226D403D4A8885E8C72B /* Entypo.ttf */; };
		666986E0566E39B6CAA888A6 /* Pods_PushUps.framework in Frameworks */ = {isa = PBXBuildFile; fileRef = DAD523ABA3227D389BE54D84 /* Pods_PushUps.framework */; };
		6C6525D234A7492582334F02 /* EvilIcons.ttf in Resources */ = {isa = PBXBuildFile; fileRef = 43F0C77D02664EF7ACBDC16D /* EvilIcons.ttf */; };
		6FD8C46E98524CA09EBD3901 /* MaterialIcons.ttf in Resources */ = {isa = PBXBuildFile; fileRef = 5CA68A0F37A04FC4A5B4915F /* MaterialIcons.ttf */; };
		704A3E413CD34F528AE14E80 /* Foundation.ttf in Resources */ = {isa = PBXBuildFile; fileRef = 4A85FCDF83A74124B5A93F57 /* Foundation.ttf */; };
		71C3C45190CB4379B05AFAF2 /* Zocial.ttf in Resources */ = {isa = PBXBuildFile; fileRef = 60A2C3E9FE9A4405A9364732 /* Zocial.ttf */; };
		82C4D85C16CB43028BE81456 /* libKCKeepAwake.a in Frameworks */ = {isa = PBXBuildFile; fileRef = B35A20AF212A4B21B0A99DB2 /* libKCKeepAwake.a */; };
		832341BD1AAA6AB300B99B32 /* libRCTText.a in Frameworks */ = {isa = PBXBuildFile; fileRef = 832341B51AAA6A8300B99B32 /* libRCTText.a */; };
		95F064F57B564048B05E0DE3 /* Ionicons.ttf in Resources */ = {isa = PBXBuildFile; fileRef = F762E974DED64E549F3403D0 /* Ionicons.ttf */; };
		984885EA1DDE5EA8002F7D73 /* ABNumberFormatter.swift in Sources */ = {isa = PBXBuildFile; fileRef = 984885C01DDE5EA7002F7D73 /* ABNumberFormatter.swift */; };
		984885EB1DDE5EA8002F7D73 /* BarLineChartViewBaseExtension.swift in Sources */ = {isa = PBXBuildFile; fileRef = 984885C11DDE5EA7002F7D73 /* BarLineChartViewBaseExtension.swift */; };
		984885EC1DDE5EA8002F7D73 /* chartDataHelpers.swift in Sources */ = {isa = PBXBuildFile; fileRef = 984885C21DDE5EA7002F7D73 /* chartDataHelpers.swift */; };
		984885ED1DDE5EA8002F7D73 /* ChartViewBaseExtension.swift in Sources */ = {isa = PBXBuildFile; fileRef = 984885C31DDE5EA7002F7D73 /* ChartViewBaseExtension.swift */; };
		984885EE1DDE5EA8002F7D73 /* PieRadarChartViewBaseExtension.swift in Sources */ = {isa = PBXBuildFile; fileRef = 984885C41DDE5EA7002F7D73 /* PieRadarChartViewBaseExtension.swift */; };
		984885EF1DDE5EA8002F7D73 /* RNBarChart.m in Sources */ = {isa = PBXBuildFile; fileRef = 984885C71DDE5EA7002F7D73 /* RNBarChart.m */; };
		984885F01DDE5EA8002F7D73 /* RNBarChart.swift in Sources */ = {isa = PBXBuildFile; fileRef = 984885C81DDE5EA7002F7D73 /* RNBarChart.swift */; };
		984885F11DDE5EA8002F7D73 /* RNBarChartManager.swift in Sources */ = {isa = PBXBuildFile; fileRef = 984885C91DDE5EA7002F7D73 /* RNBarChartManager.swift */; };
		984885F21DDE5EA8002F7D73 /* RNBubbleChart.m in Sources */ = {isa = PBXBuildFile; fileRef = 984885CB1DDE5EA7002F7D73 /* RNBubbleChart.m */; };
		984885F31DDE5EA8002F7D73 /* RNBubbleChart.swift in Sources */ = {isa = PBXBuildFile; fileRef = 984885CC1DDE5EA7002F7D73 /* RNBubbleChart.swift */; };
		984885F41DDE5EA8002F7D73 /* RNBubbleChartManager.swift in Sources */ = {isa = PBXBuildFile; fileRef = 984885CD1DDE5EA7002F7D73 /* RNBubbleChartManager.swift */; };
		984885F51DDE5EA8002F7D73 /* RNCandleChartManager.swift in Sources */ = {isa = PBXBuildFile; fileRef = 984885CE1DDE5EA7002F7D73 /* RNCandleChartManager.swift */; };
		984885F61DDE5EA8002F7D73 /* RNCandleStickChart.m in Sources */ = {isa = PBXBuildFile; fileRef = 984885D01DDE5EA8002F7D73 /* RNCandleStickChart.m */; };
		984885F71DDE5EA8002F7D73 /* RNCandleStickChart.swift in Sources */ = {isa = PBXBuildFile; fileRef = 984885D11DDE5EA8002F7D73 /* RNCandleStickChart.swift */; };
		984885F81DDE5EA8002F7D73 /* RNCombinedChart.m in Sources */ = {isa = PBXBuildFile; fileRef = 984885D31DDE5EA8002F7D73 /* RNCombinedChart.m */; };
		984885F91DDE5EA8002F7D73 /* RNCombinedChart.swift in Sources */ = {isa = PBXBuildFile; fileRef = 984885D41DDE5EA8002F7D73 /* RNCombinedChart.swift */; };
		984885FA1DDE5EA8002F7D73 /* RNCombinedChartManager.swift in Sources */ = {isa = PBXBuildFile; fileRef = 984885D51DDE5EA8002F7D73 /* RNCombinedChartManager.swift */; };
		984885FB1DDE5EA8002F7D73 /* RNHorizontalBarChart.m in Sources */ = {isa = PBXBuildFile; fileRef = 984885D71DDE5EA8002F7D73 /* RNHorizontalBarChart.m */; };
		984885FC1DDE5EA8002F7D73 /* RNHorizontalBarChart.swift in Sources */ = {isa = PBXBuildFile; fileRef = 984885D81DDE5EA8002F7D73 /* RNHorizontalBarChart.swift */; };
		984885FD1DDE5EA8002F7D73 /* RNHorizontalBarChartManager.swift in Sources */ = {isa = PBXBuildFile; fileRef = 984885D91DDE5EA8002F7D73 /* RNHorizontalBarChartManager.swift */; };
		984885FE1DDE5EA8002F7D73 /* RNLineChart.m in Sources */ = {isa = PBXBuildFile; fileRef = 984885DB1DDE5EA8002F7D73 /* RNLineChart.m */; };
		984885FF1DDE5EA8002F7D73 /* RNLineChart.swift in Sources */ = {isa = PBXBuildFile; fileRef = 984885DC1DDE5EA8002F7D73 /* RNLineChart.swift */; };
		984886001DDE5EA8002F7D73 /* RNLineChartManager.swift in Sources */ = {isa = PBXBuildFile; fileRef = 984885DD1DDE5EA8002F7D73 /* RNLineChartManager.swift */; };
		984886011DDE5EA8002F7D73 /* RNPieChart.m in Sources */ = {isa = PBXBuildFile; fileRef = 984885DF1DDE5EA8002F7D73 /* RNPieChart.m */; };
		984886021DDE5EA8002F7D73 /* RNPieChart.swift in Sources */ = {isa = PBXBuildFile; fileRef = 984885E01DDE5EA8002F7D73 /* RNPieChart.swift */; };
		984886031DDE5EA8002F7D73 /* RNPieChartManager.swift in Sources */ = {isa = PBXBuildFile; fileRef = 984885E11DDE5EA8002F7D73 /* RNPieChartManager.swift */; };
		984886041DDE5EA8002F7D73 /* RNRadarChart.m in Sources */ = {isa = PBXBuildFile; fileRef = 984885E31DDE5EA8002F7D73 /* RNRadarChart.m */; };
		984886051DDE5EA8002F7D73 /* RNRadarChart.swift in Sources */ = {isa = PBXBuildFile; fileRef = 984885E41DDE5EA8002F7D73 /* RNRadarChart.swift */; };
		984886061DDE5EA8002F7D73 /* RNRadarChartManager.swift in Sources */ = {isa = PBXBuildFile; fileRef = 984885E51DDE5EA8002F7D73 /* RNRadarChartManager.swift */; };
		984886071DDE5EA8002F7D73 /* RNScatterChart.m in Sources */ = {isa = PBXBuildFile; fileRef = 984885E71DDE5EA8002F7D73 /* RNScatterChart.m */; };
		984886081DDE5EA8002F7D73 /* RNScatterChart.swift in Sources */ = {isa = PBXBuildFile; fileRef = 984885E81DDE5EA8002F7D73 /* RNScatterChart.swift */; };
		984886091DDE5EA8002F7D73 /* RNScatterChartManager.swift in Sources */ = {isa = PBXBuildFile; fileRef = 984885E91DDE5EA8002F7D73 /* RNScatterChartManager.swift */; };
		9884A5331DC8134C00CC1F37 /* PushUpsTests.m in Sources */ = {isa = PBXBuildFile; fileRef = 00E356F21AD99517003FC87E /* PushUpsTests.m */; };
		988795F31DE8E14300F40708 /* libRCTPushNotification.a in Frameworks */ = {isa = PBXBuildFile; fileRef = 988795E91DE8E13000F40708 /* libRCTPushNotification.a */; };
		988796381DE8ECB100F40708 /* libRCTAnimation.a in Frameworks */ = {isa = PBXBuildFile; fileRef = 9887960F1DE8EC9500F40708 /* libRCTAnimation.a */; };
		98D0284B1DB671400033330B /* libRNSound.a in Frameworks */ = {isa = PBXBuildFile; fileRef = 98D0284A1DB671080033330B /* libRNSound.a */; };
		98D0284F1DB686370033330B /* rest.mp3 in Resources */ = {isa = PBXBuildFile; fileRef = 98D0284E1DB686370033330B /* rest.mp3 */; };
		98D028511DB6863F0033330B /* exercise-complete.mp3 in Resources */ = {isa = PBXBuildFile; fileRef = 98D028501DB6863F0033330B /* exercise-complete.mp3 */; };
		98D028531DB69CC80033330B /* perform-push-ups.mp3 in Resources */ = {isa = PBXBuildFile; fileRef = 98D028521DB69CC80033330B /* perform-push-ups.mp3 */; };
		98D028551DB6C6F60033330B /* beep.mp3 in Resources */ = {isa = PBXBuildFile; fileRef = 98D028541DB6C6F60033330B /* beep.mp3 */; };
		98EB6A4B1DE8DBCC0058A0D8 /* StoreKit.framework in Frameworks */ = {isa = PBXBuildFile; fileRef = 98EB6A4A1DE8DBCC0058A0D8 /* StoreKit.framework */; };
		A2F897D090758F671191991B /* Pods_PushUpsTests.framework in Frameworks */ = {isa = PBXBuildFile; fileRef = 1478C4E8690711CAF58D1046 /* Pods_PushUpsTests.framework */; };
		DE309536CA2E4958BAFDB63E /* libRNProximity.a in Frameworks */ = {isa = PBXBuildFile; fileRef = C63696D9671945C6B5CE3518 /* libRNProximity.a */; };
		DE89A98E2BFF4C79AA1C70D1 /* FontAwesome.ttf in Resources */ = {isa = PBXBuildFile; fileRef = F2FA180C56054604A8309201 /* FontAwesome.ttf */; };
		E0179F34CAF440D1A3832AC4 /* libRNVectorIcons.a in Frameworks */ = {isa = PBXBuildFile; fileRef = 71D67712C4BB44B7B15034FF /* libRNVectorIcons.a */; };
/* End PBXBuildFile section */

/* Begin PBXContainerItemProxy section */
		00C302AB1ABCB8CE00DB3ED1 /* PBXContainerItemProxy */ = {
			isa = PBXContainerItemProxy;
			containerPortal = 00C302A71ABCB8CE00DB3ED1 /* RCTActionSheet.xcodeproj */;
			proxyType = 2;
			remoteGlobalIDString = 134814201AA4EA6300B7C361;
			remoteInfo = RCTActionSheet;
		};
		00C302B91ABCB90400DB3ED1 /* PBXContainerItemProxy */ = {
			isa = PBXContainerItemProxy;
			containerPortal = 00C302B51ABCB90400DB3ED1 /* RCTGeolocation.xcodeproj */;
			proxyType = 2;
			remoteGlobalIDString = 134814201AA4EA6300B7C361;
			remoteInfo = RCTGeolocation;
		};
		00C302BF1ABCB91800DB3ED1 /* PBXContainerItemProxy */ = {
			isa = PBXContainerItemProxy;
			containerPortal = 00C302BB1ABCB91800DB3ED1 /* RCTImage.xcodeproj */;
			proxyType = 2;
			remoteGlobalIDString = 58B5115D1A9E6B3D00147676;
			remoteInfo = RCTImage;
		};
		00C302DB1ABCB9D200DB3ED1 /* PBXContainerItemProxy */ = {
			isa = PBXContainerItemProxy;
			containerPortal = 00C302D31ABCB9D200DB3ED1 /* RCTNetwork.xcodeproj */;
			proxyType = 2;
			remoteGlobalIDString = 58B511DB1A9E6C8500147676;
			remoteInfo = RCTNetwork;
		};
		00C302E31ABCB9EE00DB3ED1 /* PBXContainerItemProxy */ = {
			isa = PBXContainerItemProxy;
			containerPortal = 00C302DF1ABCB9EE00DB3ED1 /* RCTVibration.xcodeproj */;
			proxyType = 2;
			remoteGlobalIDString = 832C81801AAF6DEF007FA2F7;
			remoteInfo = RCTVibration;
		};
		00E356F41AD99517003FC87E /* PBXContainerItemProxy */ = {
			isa = PBXContainerItemProxy;
			containerPortal = 83CBB9F71A601CBA00E9B192 /* Project object */;
			proxyType = 1;
			remoteGlobalIDString = 13B07F861A680F5B00A75B9A;
			remoteInfo = PushUps;
		};
		139105C01AF99BAD00B5F7CC /* PBXContainerItemProxy */ = {
			isa = PBXContainerItemProxy;
			containerPortal = 139105B61AF99BAD00B5F7CC /* RCTSettings.xcodeproj */;
			proxyType = 2;
			remoteGlobalIDString = 134814201AA4EA6300B7C361;
			remoteInfo = RCTSettings;
		};
		139FDEF31B06529B00C62182 /* PBXContainerItemProxy */ = {
			isa = PBXContainerItemProxy;
			containerPortal = 139FDEE61B06529A00C62182 /* RCTWebSocket.xcodeproj */;
			proxyType = 2;
			remoteGlobalIDString = 3C86DF461ADF2C930047B81A;
			remoteInfo = RCTWebSocket;
		};
		146834031AC3E56700842450 /* PBXContainerItemProxy */ = {
			isa = PBXContainerItemProxy;
			containerPortal = 146833FF1AC3E56700842450 /* React.xcodeproj */;
			proxyType = 2;
			remoteGlobalIDString = 83CBBA2E1A601D0E00E9B192;
			remoteInfo = React;
		};
		78C398B81ACF4ADC00677621 /* PBXContainerItemProxy */ = {
			isa = PBXContainerItemProxy;
			containerPortal = 78C398B01ACF4ADC00677621 /* RCTLinking.xcodeproj */;
			proxyType = 2;
			remoteGlobalIDString = 134814201AA4EA6300B7C361;
			remoteInfo = RCTLinking;
		};
		832341B41AAA6A8300B99B32 /* PBXContainerItemProxy */ = {
			isa = PBXContainerItemProxy;
			containerPortal = 832341B01AAA6A8300B99B32 /* RCTText.xcodeproj */;
			proxyType = 2;
			remoteGlobalIDString = 58B5119B1A9E6C1200147676;
			remoteInfo = RCTText;
		};
		983385501DE21D7400242F23 /* PBXContainerItemProxy */ = {
			isa = PBXContainerItemProxy;
			containerPortal = EC69B72EF2134256BE5740BB /* KCKeepAwake.xcodeproj */;
			proxyType = 2;
			remoteGlobalIDString = 134814201AA4EA6300B7C361;
			remoteInfo = KCKeepAwake;
		};
		986A2B4B1DC95EEE0051CACF /* PBXContainerItemProxy */ = {
			isa = PBXContainerItemProxy;
			containerPortal = E7A0238DACD34FBF9A4FA62E /* RNProximity.xcodeproj */;
			proxyType = 2;
			remoteGlobalIDString = 3DE4E5251CB3E1190039D4F4;
			remoteInfo = RNProximity;
		};
		986A2B7C1DCD82070051CACF /* PBXContainerItemProxy */ = {
			isa = PBXContainerItemProxy;
			containerPortal = ABC575A1011D4BF3813EF277 /* InAppUtils.xcodeproj */;
			proxyType = 2;
			remoteGlobalIDString = 46E694321B289730000B634E;
			remoteInfo = InAppUtils;
		};
		986A2B7E1DCD82070051CACF /* PBXContainerItemProxy */ = {
			isa = PBXContainerItemProxy;
			containerPortal = ABC575A1011D4BF3813EF277 /* InAppUtils.xcodeproj */;
			proxyType = 2;
			remoteGlobalIDString = 46E6943D1B289730000B634E;
			remoteInfo = InAppUtilsTests;
		};
		986BF44A1DC80B070088845B /* PBXContainerItemProxy */ = {
			isa = PBXContainerItemProxy;
			containerPortal = 41FEB2BFC9B34714A38BEC4D /* RNAdMobManager.xcodeproj */;
			proxyType = 2;
			remoteGlobalIDString = A96DA7741C146D7200FC639B;
			remoteInfo = RNAdMobManager;
		};
		988795E81DE8E13000F40708 /* PBXContainerItemProxy */ = {
			isa = PBXContainerItemProxy;
			containerPortal = 988795DC1DE8E13000F40708 /* RCTPushNotification.xcodeproj */;
			proxyType = 2;
			remoteGlobalIDString = 134814201AA4EA6300B7C361;
			remoteInfo = RCTPushNotification;
		};
		9887960E1DE8EC9500F40708 /* PBXContainerItemProxy */ = {
			isa = PBXContainerItemProxy;
			containerPortal = 988796051DE8EC9500F40708 /* RCTAnimation.xcodeproj */;
			proxyType = 2;
			remoteGlobalIDString = 134814201AA4EA6300B7C361;
			remoteInfo = RCTAnimation;
		};
		988796101DE8EC9500F40708 /* PBXContainerItemProxy */ = {
			isa = PBXContainerItemProxy;
			containerPortal = 988796051DE8EC9500F40708 /* RCTAnimation.xcodeproj */;
			proxyType = 2;
			remoteGlobalIDString = 2D2A28201D9B03D100D4039D;
			remoteInfo = "RCTAnimation-tvOS";
		};
		988796151DE8EC9500F40708 /* PBXContainerItemProxy */ = {
			isa = PBXContainerItemProxy;
			containerPortal = 00C302BB1ABCB91800DB3ED1 /* RCTImage.xcodeproj */;
			proxyType = 2;
			remoteGlobalIDString = 2D2A283A1D9B042B00D4039D;
			remoteInfo = "RCTImage-tvOS";
		};
		988796191DE8EC9500F40708 /* PBXContainerItemProxy */ = {
			isa = PBXContainerItemProxy;
			containerPortal = 78C398B01ACF4ADC00677621 /* RCTLinking.xcodeproj */;
			proxyType = 2;
			remoteGlobalIDString = 2D2A28471D9B043800D4039D;
			remoteInfo = "RCTLinking-tvOS";
		};
		9887961D1DE8EC9500F40708 /* PBXContainerItemProxy */ = {
			isa = PBXContainerItemProxy;
			containerPortal = 00C302D31ABCB9D200DB3ED1 /* RCTNetwork.xcodeproj */;
			proxyType = 2;
			remoteGlobalIDString = 2D2A28541D9B044C00D4039D;
			remoteInfo = "RCTNetwork-tvOS";
		};
		988796211DE8EC9500F40708 /* PBXContainerItemProxy */ = {
			isa = PBXContainerItemProxy;
			containerPortal = 988795DC1DE8E13000F40708 /* RCTPushNotification.xcodeproj */;
			proxyType = 2;
			remoteGlobalIDString = 2DD0EFE61DA8533A00B0C975;
			remoteInfo = "RCTPushNotification-tvOS";
		};
		988796251DE8EC9500F40708 /* PBXContainerItemProxy */ = {
			isa = PBXContainerItemProxy;
			containerPortal = 139105B61AF99BAD00B5F7CC /* RCTSettings.xcodeproj */;
			proxyType = 2;
			remoteGlobalIDString = 2D2A28611D9B046600D4039D;
			remoteInfo = "RCTSettings-tvOS";
		};
		988796291DE8EC9500F40708 /* PBXContainerItemProxy */ = {
			isa = PBXContainerItemProxy;
			containerPortal = 832341B01AAA6A8300B99B32 /* RCTText.xcodeproj */;
			proxyType = 2;
			remoteGlobalIDString = 2D2A287B1D9B048500D4039D;
			remoteInfo = "RCTText-tvOS";
		};
		9887962E1DE8EC9500F40708 /* PBXContainerItemProxy */ = {
			isa = PBXContainerItemProxy;
			containerPortal = 139FDEE61B06529A00C62182 /* RCTWebSocket.xcodeproj */;
			proxyType = 2;
			remoteGlobalIDString = 2D2A28881D9B049200D4039D;
			remoteInfo = "RCTWebSocket-tvOS";
		};
		988796321DE8EC9500F40708 /* PBXContainerItemProxy */ = {
			isa = PBXContainerItemProxy;
			containerPortal = 146833FF1AC3E56700842450 /* React.xcodeproj */;
			proxyType = 2;
			remoteGlobalIDString = 2D2A28131D9B038B00D4039D;
			remoteInfo = "React-tvOS";
		};
		98D028431DB53AA20033330B /* PBXContainerItemProxy */ = {
			isa = PBXContainerItemProxy;
			containerPortal = 7AE2FD6292F7447EBF314140 /* RNVectorIcons.xcodeproj */;
			proxyType = 2;
			remoteGlobalIDString = 5DBEB1501B18CEA900B34395;
			remoteInfo = RNVectorIcons;
		};
		98D028491DB671080033330B /* PBXContainerItemProxy */ = {
			isa = PBXContainerItemProxy;
			containerPortal = 98D028451DB671080033330B /* RNSound.xcodeproj */;
			proxyType = 2;
			remoteGlobalIDString = 19825A1E1BD4A89800EE0337;
			remoteInfo = RNSound;
		};
/* End PBXContainerItemProxy section */

/* Begin PBXFileReference section */
		008F07F21AC5B25A0029DE68 /* main.jsbundle */ = {isa = PBXFileReference; fileEncoding = 4; lastKnownFileType = text; path = main.jsbundle; sourceTree = "<group>"; };
		00C302A71ABCB8CE00DB3ED1 /* RCTActionSheet.xcodeproj */ = {isa = PBXFileReference; lastKnownFileType = "wrapper.pb-project"; name = RCTActionSheet.xcodeproj; path = "../node_modules/react-native/Libraries/ActionSheetIOS/RCTActionSheet.xcodeproj"; sourceTree = "<group>"; };
		00C302B51ABCB90400DB3ED1 /* RCTGeolocation.xcodeproj */ = {isa = PBXFileReference; lastKnownFileType = "wrapper.pb-project"; name = RCTGeolocation.xcodeproj; path = "../node_modules/react-native/Libraries/Geolocation/RCTGeolocation.xcodeproj"; sourceTree = "<group>"; };
		00C302BB1ABCB91800DB3ED1 /* RCTImage.xcodeproj */ = {isa = PBXFileReference; lastKnownFileType = "wrapper.pb-project"; name = RCTImage.xcodeproj; path = "../node_modules/react-native/Libraries/Image/RCTImage.xcodeproj"; sourceTree = "<group>"; };
		00C302D31ABCB9D200DB3ED1 /* RCTNetwork.xcodeproj */ = {isa = PBXFileReference; lastKnownFileType = "wrapper.pb-project"; name = RCTNetwork.xcodeproj; path = "../node_modules/react-native/Libraries/Network/RCTNetwork.xcodeproj"; sourceTree = "<group>"; };
		00C302DF1ABCB9EE00DB3ED1 /* RCTVibration.xcodeproj */ = {isa = PBXFileReference; lastKnownFileType = "wrapper.pb-project"; name = RCTVibration.xcodeproj; path = "../node_modules/react-native/Libraries/Vibration/RCTVibration.xcodeproj"; sourceTree = "<group>"; };
		00E356EE1AD99517003FC87E /* PushUpsTests.xctest */ = {isa = PBXFileReference; explicitFileType = wrapper.cfbundle; includeInIndex = 0; path = PushUpsTests.xctest; sourceTree = BUILT_PRODUCTS_DIR; };
		00E356F11AD99517003FC87E /* Info.plist */ = {isa = PBXFileReference; lastKnownFileType = text.plist.xml; path = Info.plist; sourceTree = "<group>"; };
		00E356F21AD99517003FC87E /* PushUpsTests.m */ = {isa = PBXFileReference; lastKnownFileType = sourcecode.c.objc; path = PushUpsTests.m; sourceTree = "<group>"; };
		139105B61AF99BAD00B5F7CC /* RCTSettings.xcodeproj */ = {isa = PBXFileReference; lastKnownFileType = "wrapper.pb-project"; name = RCTSettings.xcodeproj; path = "../node_modules/react-native/Libraries/Settings/RCTSettings.xcodeproj"; sourceTree = "<group>"; };
		139FDEE61B06529A00C62182 /* RCTWebSocket.xcodeproj */ = {isa = PBXFileReference; lastKnownFileType = "wrapper.pb-project"; name = RCTWebSocket.xcodeproj; path = "../node_modules/react-native/Libraries/WebSocket/RCTWebSocket.xcodeproj"; sourceTree = "<group>"; };
		13B07F961A680F5B00A75B9A /* PushUps.app */ = {isa = PBXFileReference; explicitFileType = wrapper.application; includeInIndex = 0; path = PushUps.app; sourceTree = BUILT_PRODUCTS_DIR; };
		13B07FAF1A68108700A75B9A /* AppDelegate.h */ = {isa = PBXFileReference; fileEncoding = 4; lastKnownFileType = sourcecode.c.h; name = AppDelegate.h; path = PushUps/AppDelegate.h; sourceTree = "<group>"; };
		13B07FB01A68108700A75B9A /* AppDelegate.m */ = {isa = PBXFileReference; fileEncoding = 4; lastKnownFileType = sourcecode.c.objc; name = AppDelegate.m; path = PushUps/AppDelegate.m; sourceTree = "<group>"; };
		13B07FB21A68108700A75B9A /* Base */ = {isa = PBXFileReference; lastKnownFileType = file.xib; name = Base; path = Base.lproj/LaunchScreen.xib; sourceTree = "<group>"; };
		13B07FB51A68108700A75B9A /* Images.xcassets */ = {isa = PBXFileReference; lastKnownFileType = folder.assetcatalog; name = Images.xcassets; path = PushUps/Images.xcassets; sourceTree = "<group>"; };
		13B07FB61A68108700A75B9A /* Info.plist */ = {isa = PBXFileReference; fileEncoding = 4; lastKnownFileType = text.plist.xml; name = Info.plist; path = PushUps/Info.plist; sourceTree = "<group>"; };
		13B07FB71A68108700A75B9A /* main.m */ = {isa = PBXFileReference; fileEncoding = 4; lastKnownFileType = sourcecode.c.objc; name = main.m; path = PushUps/main.m; sourceTree = "<group>"; };
		146833FF1AC3E56700842450 /* React.xcodeproj */ = {isa = PBXFileReference; lastKnownFileType = "wrapper.pb-project"; name = React.xcodeproj; path = "../node_modules/react-native/React/React.xcodeproj"; sourceTree = "<group>"; };
		1478C4E8690711CAF58D1046 /* Pods_PushUpsTests.framework */ = {isa = PBXFileReference; explicitFileType = wrapper.framework; includeInIndex = 0; path = Pods_PushUpsTests.framework; sourceTree = BUILT_PRODUCTS_DIR; };
		34CA814DC4CDEAB325772D97 /* Pods-PushUpsTests.debug.xcconfig */ = {isa = PBXFileReference; includeInIndex = 1; lastKnownFileType = text.xcconfig; name = "Pods-PushUpsTests.debug.xcconfig"; path = "Pods/Target Support Files/Pods-PushUpsTests/Pods-PushUpsTests.debug.xcconfig"; sourceTree = "<group>"; };
		41FEB2BFC9B34714A38BEC4D /* RNAdMobManager.xcodeproj */ = {isa = PBXFileReference; explicitFileType = undefined; fileEncoding = 9; includeInIndex = 0; lastKnownFileType = "wrapper.pb-project"; name = RNAdMobManager.xcodeproj; path = "../node_modules/react-native-admob/ios/RNAdMobManager.xcodeproj"; sourceTree = "<group>"; };
		43F0C77D02664EF7ACBDC16D /* EvilIcons.ttf */ = {isa = PBXFileReference; explicitFileType = undefined; fileEncoding = 9; includeInIndex = 0; lastKnownFileType = unknown; name = EvilIcons.ttf; path = "../node_modules/react-native-vector-icons/Fonts/EvilIcons.ttf"; sourceTree = "<group>"; };
		4A85FCDF83A74124B5A93F57 /* Foundation.ttf */ = {isa = PBXFileReference; explicitFileType = undefined; fileEncoding = 9; includeInIndex = 0; lastKnownFileType = unknown; name = Foundation.ttf; path = "../node_modules/react-native-vector-icons/Fonts/Foundation.ttf"; sourceTree = "<group>"; };
		4DCA1D8E45E9110EC9ED54EE /* Pods-PushUps.release.xcconfig */ = {isa = PBXFileReference; includeInIndex = 1; lastKnownFileType = text.xcconfig; name = "Pods-PushUps.release.xcconfig"; path = "Pods/Target Support Files/Pods-PushUps/Pods-PushUps.release.xcconfig"; sourceTree = "<group>"; };
		5CA68A0F37A04FC4A5B4915F /* MaterialIcons.ttf */ = {isa = PBXFileReference; explicitFileType = undefined; fileEncoding = 9; includeInIndex = 0; lastKnownFileType = unknown; name = MaterialIcons.ttf; path = "../node_modules/react-native-vector-icons/Fonts/MaterialIcons.ttf"; sourceTree = "<group>"; };
		60A2C3E9FE9A4405A9364732 /* Zocial.ttf */ = {isa = PBXFileReference; explicitFileType = undefined; fileEncoding = 9; includeInIndex = 0; lastKnownFileType = unknown; name = Zocial.ttf; path = "../node_modules/react-native-vector-icons/Fonts/Zocial.ttf"; sourceTree = "<group>"; };
		71D67712C4BB44B7B15034FF /* libRNVectorIcons.a */ = {isa = PBXFileReference; explicitFileType = undefined; fileEncoding = 9; includeInIndex = 0; lastKnownFileType = archive.ar; path = libRNVectorIcons.a; sourceTree = "<group>"; };
		78C398B01ACF4ADC00677621 /* RCTLinking.xcodeproj */ = {isa = PBXFileReference; lastKnownFileType = "wrapper.pb-project"; name = RCTLinking.xcodeproj; path = "../node_modules/react-native/Libraries/LinkingIOS/RCTLinking.xcodeproj"; sourceTree = "<group>"; };
		7AE2FD6292F7447EBF314140 /* RNVectorIcons.xcodeproj */ = {isa = PBXFileReference; explicitFileType = undefined; fileEncoding = 9; includeInIndex = 0; lastKnownFileType = "wrapper.pb-project"; name = RNVectorIcons.xcodeproj; path = "../node_modules/react-native-vector-icons/RNVectorIcons.xcodeproj"; sourceTree = "<group>"; };
		832341B01AAA6A8300B99B32 /* RCTText.xcodeproj */ = {isa = PBXFileReference; lastKnownFileType = "wrapper.pb-project"; name = RCTText.xcodeproj; path = "../node_modules/react-native/Libraries/Text/RCTText.xcodeproj"; sourceTree = "<group>"; };
		98021B5D1DDE348E008CA703 /* PushUps-Bridging-Header.h */ = {isa = PBXFileReference; fileEncoding = 4; lastKnownFileType = sourcecode.c.h; path = "PushUps-Bridging-Header.h"; sourceTree = "<group>"; };
		984885C01DDE5EA7002F7D73 /* ABNumberFormatter.swift */ = {isa = PBXFileReference; fileEncoding = 4; lastKnownFileType = sourcecode.swift; name = ABNumberFormatter.swift; path = "../node_modules/react-native-ios-charts/RNiOSCharts/ABNumberFormatter.swift"; sourceTree = "<group>"; };
		984885C11DDE5EA7002F7D73 /* BarLineChartViewBaseExtension.swift */ = {isa = PBXFileReference; fileEncoding = 4; lastKnownFileType = sourcecode.swift; name = BarLineChartViewBaseExtension.swift; path = "../node_modules/react-native-ios-charts/RNiOSCharts/BarLineChartViewBaseExtension.swift"; sourceTree = "<group>"; };
		984885C21DDE5EA7002F7D73 /* chartDataHelpers.swift */ = {isa = PBXFileReference; fileEncoding = 4; lastKnownFileType = sourcecode.swift; name = chartDataHelpers.swift; path = "../node_modules/react-native-ios-charts/RNiOSCharts/chartDataHelpers.swift"; sourceTree = "<group>"; };
		984885C31DDE5EA7002F7D73 /* ChartViewBaseExtension.swift */ = {isa = PBXFileReference; fileEncoding = 4; lastKnownFileType = sourcecode.swift; name = ChartViewBaseExtension.swift; path = "../node_modules/react-native-ios-charts/RNiOSCharts/ChartViewBaseExtension.swift"; sourceTree = "<group>"; };
		984885C41DDE5EA7002F7D73 /* PieRadarChartViewBaseExtension.swift */ = {isa = PBXFileReference; fileEncoding = 4; lastKnownFileType = sourcecode.swift; name = PieRadarChartViewBaseExtension.swift; path = "../node_modules/react-native-ios-charts/RNiOSCharts/PieRadarChartViewBaseExtension.swift"; sourceTree = "<group>"; };
		984885C51DDE5EA7002F7D73 /* RCTIOSCharts-Bridging-Header.h */ = {isa = PBXFileReference; fileEncoding = 4; lastKnownFileType = sourcecode.c.h; name = "RCTIOSCharts-Bridging-Header.h"; path = "../node_modules/react-native-ios-charts/RNiOSCharts/RCTIOSCharts-Bridging-Header.h"; sourceTree = "<group>"; };
		984885C61DDE5EA7002F7D73 /* RNBarChart.h */ = {isa = PBXFileReference; fileEncoding = 4; lastKnownFileType = sourcecode.c.h; name = RNBarChart.h; path = "../node_modules/react-native-ios-charts/RNiOSCharts/RNBarChart.h"; sourceTree = "<group>"; };
		984885C71DDE5EA7002F7D73 /* RNBarChart.m */ = {isa = PBXFileReference; fileEncoding = 4; lastKnownFileType = sourcecode.c.objc; name = RNBarChart.m; path = "../node_modules/react-native-ios-charts/RNiOSCharts/RNBarChart.m"; sourceTree = "<group>"; };
		984885C81DDE5EA7002F7D73 /* RNBarChart.swift */ = {isa = PBXFileReference; fileEncoding = 4; lastKnownFileType = sourcecode.swift; name = RNBarChart.swift; path = "../node_modules/react-native-ios-charts/RNiOSCharts/RNBarChart.swift"; sourceTree = "<group>"; };
		984885C91DDE5EA7002F7D73 /* RNBarChartManager.swift */ = {isa = PBXFileReference; fileEncoding = 4; lastKnownFileType = sourcecode.swift; name = RNBarChartManager.swift; path = "../node_modules/react-native-ios-charts/RNiOSCharts/RNBarChartManager.swift"; sourceTree = "<group>"; };
		984885CA1DDE5EA7002F7D73 /* RNBubbleChart.h */ = {isa = PBXFileReference; fileEncoding = 4; lastKnownFileType = sourcecode.c.h; name = RNBubbleChart.h; path = "../node_modules/react-native-ios-charts/RNiOSCharts/RNBubbleChart.h"; sourceTree = "<group>"; };
		984885CB1DDE5EA7002F7D73 /* RNBubbleChart.m */ = {isa = PBXFileReference; fileEncoding = 4; lastKnownFileType = sourcecode.c.objc; name = RNBubbleChart.m; path = "../node_modules/react-native-ios-charts/RNiOSCharts/RNBubbleChart.m"; sourceTree = "<group>"; };
		984885CC1DDE5EA7002F7D73 /* RNBubbleChart.swift */ = {isa = PBXFileReference; fileEncoding = 4; lastKnownFileType = sourcecode.swift; name = RNBubbleChart.swift; path = "../node_modules/react-native-ios-charts/RNiOSCharts/RNBubbleChart.swift"; sourceTree = "<group>"; };
		984885CD1DDE5EA7002F7D73 /* RNBubbleChartManager.swift */ = {isa = PBXFileReference; fileEncoding = 4; lastKnownFileType = sourcecode.swift; name = RNBubbleChartManager.swift; path = "../node_modules/react-native-ios-charts/RNiOSCharts/RNBubbleChartManager.swift"; sourceTree = "<group>"; };
		984885CE1DDE5EA7002F7D73 /* RNCandleChartManager.swift */ = {isa = PBXFileReference; fileEncoding = 4; lastKnownFileType = sourcecode.swift; name = RNCandleChartManager.swift; path = "../node_modules/react-native-ios-charts/RNiOSCharts/RNCandleChartManager.swift"; sourceTree = "<group>"; };
		984885CF1DDE5EA8002F7D73 /* RNCandleStickChart.h */ = {isa = PBXFileReference; fileEncoding = 4; lastKnownFileType = sourcecode.c.h; name = RNCandleStickChart.h; path = "../node_modules/react-native-ios-charts/RNiOSCharts/RNCandleStickChart.h"; sourceTree = "<group>"; };
		984885D01DDE5EA8002F7D73 /* RNCandleStickChart.m */ = {isa = PBXFileReference; fileEncoding = 4; lastKnownFileType = sourcecode.c.objc; name = RNCandleStickChart.m; path = "../node_modules/react-native-ios-charts/RNiOSCharts/RNCandleStickChart.m"; sourceTree = "<group>"; };
		984885D11DDE5EA8002F7D73 /* RNCandleStickChart.swift */ = {isa = PBXFileReference; fileEncoding = 4; lastKnownFileType = sourcecode.swift; name = RNCandleStickChart.swift; path = "../node_modules/react-native-ios-charts/RNiOSCharts/RNCandleStickChart.swift"; sourceTree = "<group>"; };
		984885D21DDE5EA8002F7D73 /* RNCombinedChart.h */ = {isa = PBXFileReference; fileEncoding = 4; lastKnownFileType = sourcecode.c.h; name = RNCombinedChart.h; path = "../node_modules/react-native-ios-charts/RNiOSCharts/RNCombinedChart.h"; sourceTree = "<group>"; };
		984885D31DDE5EA8002F7D73 /* RNCombinedChart.m */ = {isa = PBXFileReference; fileEncoding = 4; lastKnownFileType = sourcecode.c.objc; name = RNCombinedChart.m; path = "../node_modules/react-native-ios-charts/RNiOSCharts/RNCombinedChart.m"; sourceTree = "<group>"; };
		984885D41DDE5EA8002F7D73 /* RNCombinedChart.swift */ = {isa = PBXFileReference; fileEncoding = 4; lastKnownFileType = sourcecode.swift; name = RNCombinedChart.swift; path = "../node_modules/react-native-ios-charts/RNiOSCharts/RNCombinedChart.swift"; sourceTree = "<group>"; };
		984885D51DDE5EA8002F7D73 /* RNCombinedChartManager.swift */ = {isa = PBXFileReference; fileEncoding = 4; lastKnownFileType = sourcecode.swift; name = RNCombinedChartManager.swift; path = "../node_modules/react-native-ios-charts/RNiOSCharts/RNCombinedChartManager.swift"; sourceTree = "<group>"; };
		984885D61DDE5EA8002F7D73 /* RNHorizontalBarChart.h */ = {isa = PBXFileReference; fileEncoding = 4; lastKnownFileType = sourcecode.c.h; name = RNHorizontalBarChart.h; path = "../node_modules/react-native-ios-charts/RNiOSCharts/RNHorizontalBarChart.h"; sourceTree = "<group>"; };
		984885D71DDE5EA8002F7D73 /* RNHorizontalBarChart.m */ = {isa = PBXFileReference; fileEncoding = 4; lastKnownFileType = sourcecode.c.objc; name = RNHorizontalBarChart.m; path = "../node_modules/react-native-ios-charts/RNiOSCharts/RNHorizontalBarChart.m"; sourceTree = "<group>"; };
		984885D81DDE5EA8002F7D73 /* RNHorizontalBarChart.swift */ = {isa = PBXFileReference; fileEncoding = 4; lastKnownFileType = sourcecode.swift; name = RNHorizontalBarChart.swift; path = "../node_modules/react-native-ios-charts/RNiOSCharts/RNHorizontalBarChart.swift"; sourceTree = "<group>"; };
		984885D91DDE5EA8002F7D73 /* RNHorizontalBarChartManager.swift */ = {isa = PBXFileReference; fileEncoding = 4; lastKnownFileType = sourcecode.swift; name = RNHorizontalBarChartManager.swift; path = "../node_modules/react-native-ios-charts/RNiOSCharts/RNHorizontalBarChartManager.swift"; sourceTree = "<group>"; };
		984885DA1DDE5EA8002F7D73 /* RNLineChart.h */ = {isa = PBXFileReference; fileEncoding = 4; lastKnownFileType = sourcecode.c.h; name = RNLineChart.h; path = "../node_modules/react-native-ios-charts/RNiOSCharts/RNLineChart.h"; sourceTree = "<group>"; };
		984885DB1DDE5EA8002F7D73 /* RNLineChart.m */ = {isa = PBXFileReference; fileEncoding = 4; lastKnownFileType = sourcecode.c.objc; name = RNLineChart.m; path = "../node_modules/react-native-ios-charts/RNiOSCharts/RNLineChart.m"; sourceTree = "<group>"; };
		984885DC1DDE5EA8002F7D73 /* RNLineChart.swift */ = {isa = PBXFileReference; fileEncoding = 4; lastKnownFileType = sourcecode.swift; name = RNLineChart.swift; path = "../node_modules/react-native-ios-charts/RNiOSCharts/RNLineChart.swift"; sourceTree = "<group>"; };
		984885DD1DDE5EA8002F7D73 /* RNLineChartManager.swift */ = {isa = PBXFileReference; fileEncoding = 4; lastKnownFileType = sourcecode.swift; name = RNLineChartManager.swift; path = "../node_modules/react-native-ios-charts/RNiOSCharts/RNLineChartManager.swift"; sourceTree = "<group>"; };
		984885DE1DDE5EA8002F7D73 /* RNPieChart.h */ = {isa = PBXFileReference; fileEncoding = 4; lastKnownFileType = sourcecode.c.h; name = RNPieChart.h; path = "../node_modules/react-native-ios-charts/RNiOSCharts/RNPieChart.h"; sourceTree = "<group>"; };
		984885DF1DDE5EA8002F7D73 /* RNPieChart.m */ = {isa = PBXFileReference; fileEncoding = 4; lastKnownFileType = sourcecode.c.objc; name = RNPieChart.m; path = "../node_modules/react-native-ios-charts/RNiOSCharts/RNPieChart.m"; sourceTree = "<group>"; };
		984885E01DDE5EA8002F7D73 /* RNPieChart.swift */ = {isa = PBXFileReference; fileEncoding = 4; lastKnownFileType = sourcecode.swift; name = RNPieChart.swift; path = "../node_modules/react-native-ios-charts/RNiOSCharts/RNPieChart.swift"; sourceTree = "<group>"; };
		984885E11DDE5EA8002F7D73 /* RNPieChartManager.swift */ = {isa = PBXFileReference; fileEncoding = 4; lastKnownFileType = sourcecode.swift; name = RNPieChartManager.swift; path = "../node_modules/react-native-ios-charts/RNiOSCharts/RNPieChartManager.swift"; sourceTree = "<group>"; };
		984885E21DDE5EA8002F7D73 /* RNRadarChart.h */ = {isa = PBXFileReference; fileEncoding = 4; lastKnownFileType = sourcecode.c.h; name = RNRadarChart.h; path = "../node_modules/react-native-ios-charts/RNiOSCharts/RNRadarChart.h"; sourceTree = "<group>"; };
		984885E31DDE5EA8002F7D73 /* RNRadarChart.m */ = {isa = PBXFileReference; fileEncoding = 4; lastKnownFileType = sourcecode.c.objc; name = RNRadarChart.m; path = "../node_modules/react-native-ios-charts/RNiOSCharts/RNRadarChart.m"; sourceTree = "<group>"; };
		984885E41DDE5EA8002F7D73 /* RNRadarChart.swift */ = {isa = PBXFileReference; fileEncoding = 4; lastKnownFileType = sourcecode.swift; name = RNRadarChart.swift; path = "../node_modules/react-native-ios-charts/RNiOSCharts/RNRadarChart.swift"; sourceTree = "<group>"; };
		984885E51DDE5EA8002F7D73 /* RNRadarChartManager.swift */ = {isa = PBXFileReference; fileEncoding = 4; lastKnownFileType = sourcecode.swift; name = RNRadarChartManager.swift; path = "../node_modules/react-native-ios-charts/RNiOSCharts/RNRadarChartManager.swift"; sourceTree = "<group>"; };
		984885E61DDE5EA8002F7D73 /* RNScatterChart.h */ = {isa = PBXFileReference; fileEncoding = 4; lastKnownFileType = sourcecode.c.h; name = RNScatterChart.h; path = "../node_modules/react-native-ios-charts/RNiOSCharts/RNScatterChart.h"; sourceTree = "<group>"; };
		984885E71DDE5EA8002F7D73 /* RNScatterChart.m */ = {isa = PBXFileReference; fileEncoding = 4; lastKnownFileType = sourcecode.c.objc; name = RNScatterChart.m; path = "../node_modules/react-native-ios-charts/RNiOSCharts/RNScatterChart.m"; sourceTree = "<group>"; };
		984885E81DDE5EA8002F7D73 /* RNScatterChart.swift */ = {isa = PBXFileReference; fileEncoding = 4; lastKnownFileType = sourcecode.swift; name = RNScatterChart.swift; path = "../node_modules/react-native-ios-charts/RNiOSCharts/RNScatterChart.swift"; sourceTree = "<group>"; };
		984885E91DDE5EA8002F7D73 /* RNScatterChartManager.swift */ = {isa = PBXFileReference; fileEncoding = 4; lastKnownFileType = sourcecode.swift; name = RNScatterChartManager.swift; path = "../node_modules/react-native-ios-charts/RNiOSCharts/RNScatterChartManager.swift"; sourceTree = "<group>"; };
		988795DC1DE8E13000F40708 /* RCTPushNotification.xcodeproj */ = {isa = PBXFileReference; lastKnownFileType = "wrapper.pb-project"; name = RCTPushNotification.xcodeproj; path = "../node_modules/react-native/Libraries/PushNotificationIOS/RCTPushNotification.xcodeproj"; sourceTree = "<group>"; };
		988796051DE8EC9500F40708 /* RCTAnimation.xcodeproj */ = {isa = PBXFileReference; lastKnownFileType = "wrapper.pb-project"; name = RCTAnimation.xcodeproj; path = "../node_modules/react-native/Libraries/NativeAnimation/RCTAnimation.xcodeproj"; sourceTree = "<group>"; };
		98BFD35B2453492EB4FB7138 /* Octicons.ttf */ = {isa = PBXFileReference; explicitFileType = undefined; fileEncoding = 9; includeInIndex = 0; lastKnownFileType = unknown; name = Octicons.ttf; path = "../node_modules/react-native-vector-icons/Fonts/Octicons.ttf"; sourceTree = "<group>"; };
		98D028451DB671080033330B /* RNSound.xcodeproj */ = {isa = PBXFileReference; lastKnownFileType = "wrapper.pb-project"; name = RNSound.xcodeproj; path = "../node_modules/react-native-sound/RNSound.xcodeproj"; sourceTree = "<group>"; };
		98D0284E1DB686370033330B /* rest.mp3 */ = {isa = PBXFileReference; lastKnownFileType = audio.mp3; name = rest.mp3; path = ../app/sounds/rest.mp3; sourceTree = "<group>"; };
		98D028501DB6863F0033330B /* exercise-complete.mp3 */ = {isa = PBXFileReference; lastKnownFileType = audio.mp3; name = "exercise-complete.mp3"; path = "../app/sounds/exercise-complete.mp3"; sourceTree = "<group>"; };
		98D028521DB69CC80033330B /* perform-push-ups.mp3 */ = {isa = PBXFileReference; lastKnownFileType = audio.mp3; name = "perform-push-ups.mp3"; path = "../app/sounds/perform-push-ups.mp3"; sourceTree = "<group>"; };
		98D028541DB6C6F60033330B /* beep.mp3 */ = {isa = PBXFileReference; lastKnownFileType = audio.mp3; name = beep.mp3; path = ../app/sounds/beep.mp3; sourceTree = "<group>"; };
		98EB6A491DE8DBC20058A0D8 /* PushUps.entitlements */ = {isa = PBXFileReference; lastKnownFileType = text.plist.entitlements; name = PushUps.entitlements; path = PushUps/PushUps.entitlements; sourceTree = "<group>"; };
		98EB6A4A1DE8DBCC0058A0D8 /* StoreKit.framework */ = {isa = PBXFileReference; lastKnownFileType = wrapper.framework; name = StoreKit.framework; path = System/Library/Frameworks/StoreKit.framework; sourceTree = SDKROOT; };
		A7B0340C4A624606A2B369FE /* libRNAdMobManager.a */ = {isa = PBXFileReference; explicitFileType = undefined; fileEncoding = 9; includeInIndex = 0; lastKnownFileType = archive.ar; path = libRNAdMobManager.a; sourceTree = "<group>"; };
		A8B4226D403D4A8885E8C72B /* Entypo.ttf */ = {isa = PBXFileReference; explicitFileType = undefined; fileEncoding = 9; includeInIndex = 0; lastKnownFileType = unknown; name = Entypo.ttf; path = "../node_modules/react-native-vector-icons/Fonts/Entypo.ttf"; sourceTree = "<group>"; };
		ABC575A1011D4BF3813EF277 /* InAppUtils.xcodeproj */ = {isa = PBXFileReference; explicitFileType = undefined; fileEncoding = 9; includeInIndex = 0; lastKnownFileType = "wrapper.pb-project"; name = InAppUtils.xcodeproj; path = "../node_modules/react-native-in-app-utils/InAppUtils.xcodeproj"; sourceTree = "<group>"; };
		B35A20AF212A4B21B0A99DB2 /* libKCKeepAwake.a */ = {isa = PBXFileReference; explicitFileType = undefined; fileEncoding = 9; includeInIndex = 0; lastKnownFileType = archive.ar; path = libKCKeepAwake.a; sourceTree = "<group>"; };
		C63696D9671945C6B5CE3518 /* libRNProximity.a */ = {isa = PBXFileReference; explicitFileType = undefined; fileEncoding = 9; includeInIndex = 0; lastKnownFileType = archive.ar; path = libRNProximity.a; sourceTree = "<group>"; };
		CD630BDB0C95A371513A906C /* Pods-PushUps.debug.xcconfig */ = {isa = PBXFileReference; includeInIndex = 1; lastKnownFileType = text.xcconfig; name = "Pods-PushUps.debug.xcconfig"; path = "Pods/Target Support Files/Pods-PushUps/Pods-PushUps.debug.xcconfig"; sourceTree = "<group>"; };
		DAD523ABA3227D389BE54D84 /* Pods_PushUps.framework */ = {isa = PBXFileReference; explicitFileType = wrapper.framework; includeInIndex = 0; path = Pods_PushUps.framework; sourceTree = BUILT_PRODUCTS_DIR; };
		E7A0238DACD34FBF9A4FA62E /* RNProximity.xcodeproj */ = {isa = PBXFileReference; explicitFileType = undefined; fileEncoding = 9; includeInIndex = 0; lastKnownFileType = "wrapper.pb-project"; name = RNProximity.xcodeproj; path = "../node_modules/react-native-proximity/RNProximity/RNProximity.xcodeproj"; sourceTree = "<group>"; };
		E9F53533A38A452D8B2E503F /* libInAppUtils.a */ = {isa = PBXFileReference; explicitFileType = undefined; fileEncoding = 9; includeInIndex = 0; lastKnownFileType = archive.ar; path = libInAppUtils.a; sourceTree = "<group>"; };
		EC69B72EF2134256BE5740BB /* KCKeepAwake.xcodeproj */ = {isa = PBXFileReference; explicitFileType = undefined; fileEncoding = 9; includeInIndex = 0; lastKnownFileType = "wrapper.pb-project"; name = KCKeepAwake.xcodeproj; path = "../node_modules/react-native-keep-awake/ios/KCKeepAwake.xcodeproj"; sourceTree = "<group>"; };
		EFB0829F765F75A2791FC772 /* Pods-PushUpsTests.release.xcconfig */ = {isa = PBXFileReference; includeInIndex = 1; lastKnownFileType = text.xcconfig; name = "Pods-PushUpsTests.release.xcconfig"; path = "Pods/Target Support Files/Pods-PushUpsTests/Pods-PushUpsTests.release.xcconfig"; sourceTree = "<group>"; };
		F2FA180C56054604A8309201 /* FontAwesome.ttf */ = {isa = PBXFileReference; explicitFileType = undefined; fileEncoding = 9; includeInIndex = 0; lastKnownFileType = unknown; name = FontAwesome.ttf; path = "../node_modules/react-native-vector-icons/Fonts/FontAwesome.ttf"; sourceTree = "<group>"; };
		F762E974DED64E549F3403D0 /* Ionicons.ttf */ = {isa = PBXFileReference; explicitFileType = undefined; fileEncoding = 9; includeInIndex = 0; lastKnownFileType = unknown; name = Ionicons.ttf; path = "../node_modules/react-native-vector-icons/Fonts/Ionicons.ttf"; sourceTree = "<group>"; };
/* End PBXFileReference section */

/* Begin PBXFrameworksBuildPhase section */
		00E356EB1AD99517003FC87E /* Frameworks */ = {
			isa = PBXFrameworksBuildPhase;
			buildActionMask = 2147483647;
			files = (
				140ED2AC1D01E1AD002B40FF /* libReact.a in Frameworks */,
				A2F897D090758F671191991B /* Pods_PushUpsTests.framework in Frameworks */,
			);
			runOnlyForDeploymentPostprocessing = 0;
		};
		13B07F8C1A680F5B00A75B9A /* Frameworks */ = {
			isa = PBXFrameworksBuildPhase;
			buildActionMask = 2147483647;
			files = (
				988796381DE8ECB100F40708 /* libRCTAnimation.a in Frameworks */,
				988795F31DE8E14300F40708 /* libRCTPushNotification.a in Frameworks */,
				98D0284B1DB671400033330B /* libRNSound.a in Frameworks */,
				146834051AC3E58100842450 /* libReact.a in Frameworks */,
				00C302E51ABCBA2D00DB3ED1 /* libRCTActionSheet.a in Frameworks */,
				00C302E71ABCBA2D00DB3ED1 /* libRCTGeolocation.a in Frameworks */,
				00C302E81ABCBA2D00DB3ED1 /* libRCTImage.a in Frameworks */,
				133E29F31AD74F7200F7D852 /* libRCTLinking.a in Frameworks */,
				00C302E91ABCBA2D00DB3ED1 /* libRCTNetwork.a in Frameworks */,
				139105C61AF99C1200B5F7CC /* libRCTSettings.a in Frameworks */,
				832341BD1AAA6AB300B99B32 /* libRCTText.a in Frameworks */,
				98EB6A4B1DE8DBCC0058A0D8 /* StoreKit.framework in Frameworks */,
				00C302EA1ABCBA2D00DB3ED1 /* libRCTVibration.a in Frameworks */,
				139FDEF61B0652A700C62182 /* libRCTWebSocket.a in Frameworks */,
				E0179F34CAF440D1A3832AC4 /* libRNVectorIcons.a in Frameworks */,
				163B7FEE18444549A821C047 /* libRNAdMobManager.a in Frameworks */,
				DE309536CA2E4958BAFDB63E /* libRNProximity.a in Frameworks */,
				252E6FBE0B2B426BAC6A6388 /* libInAppUtils.a in Frameworks */,
				666986E0566E39B6CAA888A6 /* Pods_PushUps.framework in Frameworks */,
				82C4D85C16CB43028BE81456 /* libKCKeepAwake.a in Frameworks */,
			);
			runOnlyForDeploymentPostprocessing = 0;
		};
/* End PBXFrameworksBuildPhase section */

/* Begin PBXGroup section */
		00C302A81ABCB8CE00DB3ED1 /* Products */ = {
			isa = PBXGroup;
			children = (
				00C302AC1ABCB8CE00DB3ED1 /* libRCTActionSheet.a */,
			);
			name = Products;
			sourceTree = "<group>";
		};
		00C302B61ABCB90400DB3ED1 /* Products */ = {
			isa = PBXGroup;
			children = (
				00C302BA1ABCB90400DB3ED1 /* libRCTGeolocation.a */,
			);
			name = Products;
			sourceTree = "<group>";
		};
		00C302BC1ABCB91800DB3ED1 /* Products */ = {
			isa = PBXGroup;
			children = (
				00C302C01ABCB91800DB3ED1 /* libRCTImage.a */,
				988796161DE8EC9500F40708 /* libRCTImage-tvOS.a */,
			);
			name = Products;
			sourceTree = "<group>";
		};
		00C302D41ABCB9D200DB3ED1 /* Products */ = {
			isa = PBXGroup;
			children = (
				00C302DC1ABCB9D200DB3ED1 /* libRCTNetwork.a */,
				9887961E1DE8EC9500F40708 /* libRCTNetwork-tvOS.a */,
			);
			name = Products;
			sourceTree = "<group>";
		};
		00C302E01ABCB9EE00DB3ED1 /* Products */ = {
			isa = PBXGroup;
			children = (
				00C302E41ABCB9EE00DB3ED1 /* libRCTVibration.a */,
			);
			name = Products;
			sourceTree = "<group>";
		};
		00E356EF1AD99517003FC87E /* PushUpsTests */ = {
			isa = PBXGroup;
			children = (
				00E356F21AD99517003FC87E /* PushUpsTests.m */,
				00E356F01AD99517003FC87E /* Supporting Files */,
			);
			path = PushUpsTests;
			sourceTree = "<group>";
		};
		00E356F01AD99517003FC87E /* Supporting Files */ = {
			isa = PBXGroup;
			children = (
				00E356F11AD99517003FC87E /* Info.plist */,
			);
			name = "Supporting Files";
			sourceTree = "<group>";
		};
		139105B71AF99BAD00B5F7CC /* Products */ = {
			isa = PBXGroup;
			children = (
				139105C11AF99BAD00B5F7CC /* libRCTSettings.a */,
				988796261DE8EC9500F40708 /* libRCTSettings-tvOS.a */,
			);
			name = Products;
			sourceTree = "<group>";
		};
		139FDEE71B06529A00C62182 /* Products */ = {
			isa = PBXGroup;
			children = (
				139FDEF41B06529B00C62182 /* libRCTWebSocket.a */,
				9887962F1DE8EC9500F40708 /* libRCTWebSocket-tvOS.a */,
			);
			name = Products;
			sourceTree = "<group>";
		};
		13B07FAE1A68108700A75B9A /* PushUps */ = {
			isa = PBXGroup;
			children = (
				98EB6A491DE8DBC20058A0D8 /* PushUps.entitlements */,
				98D028541DB6C6F60033330B /* beep.mp3 */,
				98D028521DB69CC80033330B /* perform-push-ups.mp3 */,
				98D028501DB6863F0033330B /* exercise-complete.mp3 */,
				98D0284E1DB686370033330B /* rest.mp3 */,
				008F07F21AC5B25A0029DE68 /* main.jsbundle */,
				13B07FAF1A68108700A75B9A /* AppDelegate.h */,
				13B07FB01A68108700A75B9A /* AppDelegate.m */,
				13B07FB51A68108700A75B9A /* Images.xcassets */,
				13B07FB61A68108700A75B9A /* Info.plist */,
				13B07FB11A68108700A75B9A /* LaunchScreen.xib */,
				13B07FB71A68108700A75B9A /* main.m */,
				98021B5D1DDE348E008CA703 /* PushUps-Bridging-Header.h */,
			);
			name = PushUps;
			sourceTree = "<group>";
		};
		146834001AC3E56700842450 /* Products */ = {
			isa = PBXGroup;
			children = (
				146834041AC3E56700842450 /* libReact.a */,
				988796331DE8EC9500F40708 /* libReact-tvOS.a */,
			);
			name = Products;
			sourceTree = "<group>";
		};
		31F38B9B9249CED35F32BA31 /* Frameworks */ = {
			isa = PBXGroup;
			children = (
				98EB6A4A1DE8DBCC0058A0D8 /* StoreKit.framework */,
				DAD523ABA3227D389BE54D84 /* Pods_PushUps.framework */,
				1478C4E8690711CAF58D1046 /* Pods_PushUpsTests.framework */,
			);
			name = Frameworks;
			sourceTree = "<group>";
		};
		4BF691663A654E6A899F0F43 /* Resources */ = {
			isa = PBXGroup;
			children = (
				A8B4226D403D4A8885E8C72B /* Entypo.ttf */,
				43F0C77D02664EF7ACBDC16D /* EvilIcons.ttf */,
				F2FA180C56054604A8309201 /* FontAwesome.ttf */,
				4A85FCDF83A74124B5A93F57 /* Foundation.ttf */,
				F762E974DED64E549F3403D0 /* Ionicons.ttf */,
				5CA68A0F37A04FC4A5B4915F /* MaterialIcons.ttf */,
				98BFD35B2453492EB4FB7138 /* Octicons.ttf */,
				60A2C3E9FE9A4405A9364732 /* Zocial.ttf */,
			);
			name = Resources;
			sourceTree = "<group>";
		};
		78C398B11ACF4ADC00677621 /* Products */ = {
			isa = PBXGroup;
			children = (
				78C398B91ACF4ADC00677621 /* libRCTLinking.a */,
				9887961A1DE8EC9500F40708 /* libRCTLinking-tvOS.a */,
			);
			name = Products;
			sourceTree = "<group>";
		};
		832341AE1AAA6A7D00B99B32 /* Libraries */ = {
			isa = PBXGroup;
			children = (
				988796051DE8EC9500F40708 /* RCTAnimation.xcodeproj */,
				988795DC1DE8E13000F40708 /* RCTPushNotification.xcodeproj */,
				984885C01DDE5EA7002F7D73 /* ABNumberFormatter.swift */,
				984885C11DDE5EA7002F7D73 /* BarLineChartViewBaseExtension.swift */,
				984885C21DDE5EA7002F7D73 /* chartDataHelpers.swift */,
				984885C31DDE5EA7002F7D73 /* ChartViewBaseExtension.swift */,
				984885C41DDE5EA7002F7D73 /* PieRadarChartViewBaseExtension.swift */,
				984885C51DDE5EA7002F7D73 /* RCTIOSCharts-Bridging-Header.h */,
				984885C61DDE5EA7002F7D73 /* RNBarChart.h */,
				984885C71DDE5EA7002F7D73 /* RNBarChart.m */,
				984885C81DDE5EA7002F7D73 /* RNBarChart.swift */,
				984885C91DDE5EA7002F7D73 /* RNBarChartManager.swift */,
				984885CA1DDE5EA7002F7D73 /* RNBubbleChart.h */,
				984885CB1DDE5EA7002F7D73 /* RNBubbleChart.m */,
				984885CC1DDE5EA7002F7D73 /* RNBubbleChart.swift */,
				984885CD1DDE5EA7002F7D73 /* RNBubbleChartManager.swift */,
				984885CE1DDE5EA7002F7D73 /* RNCandleChartManager.swift */,
				984885CF1DDE5EA8002F7D73 /* RNCandleStickChart.h */,
				984885D01DDE5EA8002F7D73 /* RNCandleStickChart.m */,
				984885D11DDE5EA8002F7D73 /* RNCandleStickChart.swift */,
				984885D21DDE5EA8002F7D73 /* RNCombinedChart.h */,
				984885D31DDE5EA8002F7D73 /* RNCombinedChart.m */,
				984885D41DDE5EA8002F7D73 /* RNCombinedChart.swift */,
				984885D51DDE5EA8002F7D73 /* RNCombinedChartManager.swift */,
				984885D61DDE5EA8002F7D73 /* RNHorizontalBarChart.h */,
				984885D71DDE5EA8002F7D73 /* RNHorizontalBarChart.m */,
				984885D81DDE5EA8002F7D73 /* RNHorizontalBarChart.swift */,
				984885D91DDE5EA8002F7D73 /* RNHorizontalBarChartManager.swift */,
				984885DA1DDE5EA8002F7D73 /* RNLineChart.h */,
				984885DB1DDE5EA8002F7D73 /* RNLineChart.m */,
				984885DC1DDE5EA8002F7D73 /* RNLineChart.swift */,
				984885DD1DDE5EA8002F7D73 /* RNLineChartManager.swift */,
				984885DE1DDE5EA8002F7D73 /* RNPieChart.h */,
				984885DF1DDE5EA8002F7D73 /* RNPieChart.m */,
				984885E01DDE5EA8002F7D73 /* RNPieChart.swift */,
				984885E11DDE5EA8002F7D73 /* RNPieChartManager.swift */,
				984885E21DDE5EA8002F7D73 /* RNRadarChart.h */,
				984885E31DDE5EA8002F7D73 /* RNRadarChart.m */,
				984885E41DDE5EA8002F7D73 /* RNRadarChart.swift */,
				984885E51DDE5EA8002F7D73 /* RNRadarChartManager.swift */,
				984885E61DDE5EA8002F7D73 /* RNScatterChart.h */,
				984885E71DDE5EA8002F7D73 /* RNScatterChart.m */,
				984885E81DDE5EA8002F7D73 /* RNScatterChart.swift */,
				984885E91DDE5EA8002F7D73 /* RNScatterChartManager.swift */,
				98D028451DB671080033330B /* RNSound.xcodeproj */,
				146833FF1AC3E56700842450 /* React.xcodeproj */,
				00C302A71ABCB8CE00DB3ED1 /* RCTActionSheet.xcodeproj */,
				00C302B51ABCB90400DB3ED1 /* RCTGeolocation.xcodeproj */,
				00C302BB1ABCB91800DB3ED1 /* RCTImage.xcodeproj */,
				78C398B01ACF4ADC00677621 /* RCTLinking.xcodeproj */,
				00C302D31ABCB9D200DB3ED1 /* RCTNetwork.xcodeproj */,
				139105B61AF99BAD00B5F7CC /* RCTSettings.xcodeproj */,
				832341B01AAA6A8300B99B32 /* RCTText.xcodeproj */,
				00C302DF1ABCB9EE00DB3ED1 /* RCTVibration.xcodeproj */,
				139FDEE61B06529A00C62182 /* RCTWebSocket.xcodeproj */,
				7AE2FD6292F7447EBF314140 /* RNVectorIcons.xcodeproj */,
				41FEB2BFC9B34714A38BEC4D /* RNAdMobManager.xcodeproj */,
				E7A0238DACD34FBF9A4FA62E /* RNProximity.xcodeproj */,
				ABC575A1011D4BF3813EF277 /* InAppUtils.xcodeproj */,
				EC69B72EF2134256BE5740BB /* KCKeepAwake.xcodeproj */,
			);
			name = Libraries;
			sourceTree = "<group>";
		};
		832341B11AAA6A8300B99B32 /* Products */ = {
			isa = PBXGroup;
			children = (
				832341B51AAA6A8300B99B32 /* libRCTText.a */,
				9887962A1DE8EC9500F40708 /* libRCTText-tvOS.a */,
			);
			name = Products;
			sourceTree = "<group>";
		};
		83CBB9F61A601CBA00E9B192 = {
			isa = PBXGroup;
			children = (
				13B07FAE1A68108700A75B9A /* PushUps */,
				832341AE1AAA6A7D00B99B32 /* Libraries */,
				00E356EF1AD99517003FC87E /* PushUpsTests */,
				83CBBA001A601CBA00E9B192 /* Products */,
				4BF691663A654E6A899F0F43 /* Resources */,
				AF1411C85054591EE2E93F38 /* Pods */,
				31F38B9B9249CED35F32BA31 /* Frameworks */,
			);
			indentWidth = 2;
			sourceTree = "<group>";
			tabWidth = 2;
		};
		83CBBA001A601CBA00E9B192 /* Products */ = {
			isa = PBXGroup;
			children = (
				13B07F961A680F5B00A75B9A /* PushUps.app */,
				00E356EE1AD99517003FC87E /* PushUpsTests.xctest */,
			);
			name = Products;
			sourceTree = "<group>";
		};
		9833854B1DE21D7400242F23 /* Products */ = {
			isa = PBXGroup;
			children = (
				983385511DE21D7400242F23 /* libKCKeepAwake.a */,
			);
			name = Products;
			sourceTree = "<group>";
		};
		986A2B3D1DC95EEE0051CACF /* Products */ = {
			isa = PBXGroup;
			children = (
				986A2B4C1DC95EEE0051CACF /* libRNProximity.a */,
			);
			name = Products;
			sourceTree = "<group>";
		};
		986A2B781DCD82070051CACF /* Products */ = {
			isa = PBXGroup;
			children = (
				986A2B7D1DCD82070051CACF /* libInAppUtils.a */,
				986A2B7F1DCD82070051CACF /* InAppUtilsTests.xctest */,
			);
			name = Products;
			sourceTree = "<group>";
		};
		986BF43D1DC80B070088845B /* Products */ = {
			isa = PBXGroup;
			children = (
				986BF44B1DC80B070088845B /* libRNAdMobManager.a */,
			);
			name = Products;
			sourceTree = "<group>";
		};
		988795DD1DE8E13000F40708 /* Products */ = {
			isa = PBXGroup;
			children = (
				988795E91DE8E13000F40708 /* libRCTPushNotification.a */,
				988796221DE8EC9500F40708 /* libRCTPushNotification-tvOS.a */,
			);
			name = Products;
			sourceTree = "<group>";
		};
		988796061DE8EC9500F40708 /* Products */ = {
			isa = PBXGroup;
			children = (
				9887960F1DE8EC9500F40708 /* libRCTAnimation.a */,
				988796111DE8EC9500F40708 /* libRCTAnimation-tvOS.a */,
			);
			name = Products;
			sourceTree = "<group>";
		};
		98D028361DB53AA20033330B /* Products */ = {
			isa = PBXGroup;
			children = (
				98D028441DB53AA20033330B /* libRNVectorIcons.a */,
			);
			name = Products;
			sourceTree = "<group>";
		};
		98D028461DB671080033330B /* Products */ = {
			isa = PBXGroup;
			children = (
				98D0284A1DB671080033330B /* libRNSound.a */,
			);
			name = Products;
			sourceTree = "<group>";
		};
		AF1411C85054591EE2E93F38 /* Pods */ = {
			isa = PBXGroup;
			children = (
				CD630BDB0C95A371513A906C /* Pods-PushUps.debug.xcconfig */,
				4DCA1D8E45E9110EC9ED54EE /* Pods-PushUps.release.xcconfig */,
				34CA814DC4CDEAB325772D97 /* Pods-PushUpsTests.debug.xcconfig */,
				EFB0829F765F75A2791FC772 /* Pods-PushUpsTests.release.xcconfig */,
			);
			name = Pods;
			sourceTree = "<group>";
		};
/* End PBXGroup section */

/* Begin PBXNativeTarget section */
		00E356ED1AD99517003FC87E /* PushUpsTests */ = {
			isa = PBXNativeTarget;
			buildConfigurationList = 00E357021AD99517003FC87E /* Build configuration list for PBXNativeTarget "PushUpsTests" */;
			buildPhases = (
				33DAC4D7061564CF49C693BE /* [CP] Check Pods Manifest.lock */,
				00E356EA1AD99517003FC87E /* Sources */,
				00E356EB1AD99517003FC87E /* Frameworks */,
				00E356EC1AD99517003FC87E /* Resources */,
				24093B3B8BDE97951E2AD2E5 /* [CP] Embed Pods Frameworks */,
				72CDB7CFC59936DB5CC615EC /* [CP] Copy Pods Resources */,
			);
			buildRules = (
			);
			dependencies = (
				00E356F51AD99517003FC87E /* PBXTargetDependency */,
			);
			name = PushUpsTests;
			productName = PushUpsTests;
			productReference = 00E356EE1AD99517003FC87E /* PushUpsTests.xctest */;
			productType = "com.apple.product-type.bundle.unit-test";
		};
		13B07F861A680F5B00A75B9A /* PushUps */ = {
			isa = PBXNativeTarget;
			buildConfigurationList = 13B07F931A680F5B00A75B9A /* Build configuration list for PBXNativeTarget "PushUps" */;
			buildPhases = (
				5B6A660B7C9C21221CCFC890 /* [CP] Check Pods Manifest.lock */,
				13B07F871A680F5B00A75B9A /* Sources */,
				13B07F8C1A680F5B00A75B9A /* Frameworks */,
				13B07F8E1A680F5B00A75B9A /* Resources */,
				00DD1BFF1BD5951E006B06BC /* Bundle React Native code and images */,
				33734D57BE44ABF68BEFCAD3 /* [CP] Embed Pods Frameworks */,
				C5129FC4A74722661AA31072 /* [CP] Copy Pods Resources */,
			);
			buildRules = (
			);
			dependencies = (
			);
			name = PushUps;
			productName = "Hello World";
			productReference = 13B07F961A680F5B00A75B9A /* PushUps.app */;
			productType = "com.apple.product-type.application";
		};
/* End PBXNativeTarget section */

/* Begin PBXProject section */
		83CBB9F71A601CBA00E9B192 /* Project object */ = {
			isa = PBXProject;
			attributes = {
				LastUpgradeCheck = 810;
				ORGANIZATIONNAME = Facebook;
				TargetAttributes = {
					00E356ED1AD99517003FC87E = {
						CreatedOnToolsVersion = 6.2;
						DevelopmentTeam = BL8K474E8E;
						TestTargetID = 13B07F861A680F5B00A75B9A;
					};
					13B07F861A680F5B00A75B9A = {
						DevelopmentTeam = BL8K474E8E;
						LastSwiftMigration = 810;
						SystemCapabilities = {
							com.apple.InAppPurchase = {
								enabled = 1;
							};
							com.apple.Push = {
								enabled = 1;
							};
						};
					};
				};
			};
			buildConfigurationList = 83CBB9FA1A601CBA00E9B192 /* Build configuration list for PBXProject "PushUps" */;
			compatibilityVersion = "Xcode 3.2";
			developmentRegion = English;
			hasScannedForEncodings = 0;
			knownRegions = (
				en,
				Base,
			);
			mainGroup = 83CBB9F61A601CBA00E9B192;
			productRefGroup = 83CBBA001A601CBA00E9B192 /* Products */;
			projectDirPath = "";
			projectReferences = (
				{
					ProductGroup = 986A2B781DCD82070051CACF /* Products */;
					ProjectRef = ABC575A1011D4BF3813EF277 /* InAppUtils.xcodeproj */;
				},
				{
					ProductGroup = 9833854B1DE21D7400242F23 /* Products */;
					ProjectRef = EC69B72EF2134256BE5740BB /* KCKeepAwake.xcodeproj */;
				},
				{
					ProductGroup = 00C302A81ABCB8CE00DB3ED1 /* Products */;
					ProjectRef = 00C302A71ABCB8CE00DB3ED1 /* RCTActionSheet.xcodeproj */;
				},
				{
					ProductGroup = 988796061DE8EC9500F40708 /* Products */;
					ProjectRef = 988796051DE8EC9500F40708 /* RCTAnimation.xcodeproj */;
				},
				{
					ProductGroup = 00C302B61ABCB90400DB3ED1 /* Products */;
					ProjectRef = 00C302B51ABCB90400DB3ED1 /* RCTGeolocation.xcodeproj */;
				},
				{
					ProductGroup = 00C302BC1ABCB91800DB3ED1 /* Products */;
					ProjectRef = 00C302BB1ABCB91800DB3ED1 /* RCTImage.xcodeproj */;
				},
				{
					ProductGroup = 78C398B11ACF4ADC00677621 /* Products */;
					ProjectRef = 78C398B01ACF4ADC00677621 /* RCTLinking.xcodeproj */;
				},
				{
					ProductGroup = 00C302D41ABCB9D200DB3ED1 /* Products */;
					ProjectRef = 00C302D31ABCB9D200DB3ED1 /* RCTNetwork.xcodeproj */;
				},
				{
					ProductGroup = 988795DD1DE8E13000F40708 /* Products */;
					ProjectRef = 988795DC1DE8E13000F40708 /* RCTPushNotification.xcodeproj */;
				},
				{
					ProductGroup = 139105B71AF99BAD00B5F7CC /* Products */;
					ProjectRef = 139105B61AF99BAD00B5F7CC /* RCTSettings.xcodeproj */;
				},
				{
					ProductGroup = 832341B11AAA6A8300B99B32 /* Products */;
					ProjectRef = 832341B01AAA6A8300B99B32 /* RCTText.xcodeproj */;
				},
				{
					ProductGroup = 00C302E01ABCB9EE00DB3ED1 /* Products */;
					ProjectRef = 00C302DF1ABCB9EE00DB3ED1 /* RCTVibration.xcodeproj */;
				},
				{
					ProductGroup = 139FDEE71B06529A00C62182 /* Products */;
					ProjectRef = 139FDEE61B06529A00C62182 /* RCTWebSocket.xcodeproj */;
				},
				{
					ProductGroup = 146834001AC3E56700842450 /* Products */;
					ProjectRef = 146833FF1AC3E56700842450 /* React.xcodeproj */;
				},
				{
					ProductGroup = 986BF43D1DC80B070088845B /* Products */;
					ProjectRef = 41FEB2BFC9B34714A38BEC4D /* RNAdMobManager.xcodeproj */;
				},
				{
					ProductGroup = 986A2B3D1DC95EEE0051CACF /* Products */;
					ProjectRef = E7A0238DACD34FBF9A4FA62E /* RNProximity.xcodeproj */;
				},
				{
					ProductGroup = 98D028461DB671080033330B /* Products */;
					ProjectRef = 98D028451DB671080033330B /* RNSound.xcodeproj */;
				},
				{
					ProductGroup = 98D028361DB53AA20033330B /* Products */;
					ProjectRef = 7AE2FD6292F7447EBF314140 /* RNVectorIcons.xcodeproj */;
				},
			);
			projectRoot = "";
			targets = (
				13B07F861A680F5B00A75B9A /* PushUps */,
				00E356ED1AD99517003FC87E /* PushUpsTests */,
			);
		};
/* End PBXProject section */

/* Begin PBXReferenceProxy section */
		00C302AC1ABCB8CE00DB3ED1 /* libRCTActionSheet.a */ = {
			isa = PBXReferenceProxy;
			fileType = archive.ar;
			path = libRCTActionSheet.a;
			remoteRef = 00C302AB1ABCB8CE00DB3ED1 /* PBXContainerItemProxy */;
			sourceTree = BUILT_PRODUCTS_DIR;
		};
		00C302BA1ABCB90400DB3ED1 /* libRCTGeolocation.a */ = {
			isa = PBXReferenceProxy;
			fileType = archive.ar;
			path = libRCTGeolocation.a;
			remoteRef = 00C302B91ABCB90400DB3ED1 /* PBXContainerItemProxy */;
			sourceTree = BUILT_PRODUCTS_DIR;
		};
		00C302C01ABCB91800DB3ED1 /* libRCTImage.a */ = {
			isa = PBXReferenceProxy;
			fileType = archive.ar;
			path = libRCTImage.a;
			remoteRef = 00C302BF1ABCB91800DB3ED1 /* PBXContainerItemProxy */;
			sourceTree = BUILT_PRODUCTS_DIR;
		};
		00C302DC1ABCB9D200DB3ED1 /* libRCTNetwork.a */ = {
			isa = PBXReferenceProxy;
			fileType = archive.ar;
			path = libRCTNetwork.a;
			remoteRef = 00C302DB1ABCB9D200DB3ED1 /* PBXContainerItemProxy */;
			sourceTree = BUILT_PRODUCTS_DIR;
		};
		00C302E41ABCB9EE00DB3ED1 /* libRCTVibration.a */ = {
			isa = PBXReferenceProxy;
			fileType = archive.ar;
			path = libRCTVibration.a;
			remoteRef = 00C302E31ABCB9EE00DB3ED1 /* PBXContainerItemProxy */;
			sourceTree = BUILT_PRODUCTS_DIR;
		};
		139105C11AF99BAD00B5F7CC /* libRCTSettings.a */ = {
			isa = PBXReferenceProxy;
			fileType = archive.ar;
			path = libRCTSettings.a;
			remoteRef = 139105C01AF99BAD00B5F7CC /* PBXContainerItemProxy */;
			sourceTree = BUILT_PRODUCTS_DIR;
		};
		139FDEF41B06529B00C62182 /* libRCTWebSocket.a */ = {
			isa = PBXReferenceProxy;
			fileType = archive.ar;
			path = libRCTWebSocket.a;
			remoteRef = 139FDEF31B06529B00C62182 /* PBXContainerItemProxy */;
			sourceTree = BUILT_PRODUCTS_DIR;
		};
		146834041AC3E56700842450 /* libReact.a */ = {
			isa = PBXReferenceProxy;
			fileType = archive.ar;
			path = libReact.a;
			remoteRef = 146834031AC3E56700842450 /* PBXContainerItemProxy */;
			sourceTree = BUILT_PRODUCTS_DIR;
		};
		78C398B91ACF4ADC00677621 /* libRCTLinking.a */ = {
			isa = PBXReferenceProxy;
			fileType = archive.ar;
			path = libRCTLinking.a;
			remoteRef = 78C398B81ACF4ADC00677621 /* PBXContainerItemProxy */;
			sourceTree = BUILT_PRODUCTS_DIR;
		};
		832341B51AAA6A8300B99B32 /* libRCTText.a */ = {
			isa = PBXReferenceProxy;
			fileType = archive.ar;
			path = libRCTText.a;
			remoteRef = 832341B41AAA6A8300B99B32 /* PBXContainerItemProxy */;
			sourceTree = BUILT_PRODUCTS_DIR;
		};
		983385511DE21D7400242F23 /* libKCKeepAwake.a */ = {
			isa = PBXReferenceProxy;
			fileType = archive.ar;
			path = libKCKeepAwake.a;
			remoteRef = 983385501DE21D7400242F23 /* PBXContainerItemProxy */;
			sourceTree = BUILT_PRODUCTS_DIR;
		};
		986A2B4C1DC95EEE0051CACF /* libRNProximity.a */ = {
			isa = PBXReferenceProxy;
			fileType = archive.ar;
			path = libRNProximity.a;
			remoteRef = 986A2B4B1DC95EEE0051CACF /* PBXContainerItemProxy */;
			sourceTree = BUILT_PRODUCTS_DIR;
		};
		986A2B7D1DCD82070051CACF /* libInAppUtils.a */ = {
			isa = PBXReferenceProxy;
			fileType = archive.ar;
			path = libInAppUtils.a;
			remoteRef = 986A2B7C1DCD82070051CACF /* PBXContainerItemProxy */;
			sourceTree = BUILT_PRODUCTS_DIR;
		};
		986A2B7F1DCD82070051CACF /* InAppUtilsTests.xctest */ = {
			isa = PBXReferenceProxy;
			fileType = wrapper.cfbundle;
			path = InAppUtilsTests.xctest;
			remoteRef = 986A2B7E1DCD82070051CACF /* PBXContainerItemProxy */;
			sourceTree = BUILT_PRODUCTS_DIR;
		};
		986BF44B1DC80B070088845B /* libRNAdMobManager.a */ = {
			isa = PBXReferenceProxy;
			fileType = archive.ar;
			path = libRNAdMobManager.a;
			remoteRef = 986BF44A1DC80B070088845B /* PBXContainerItemProxy */;
			sourceTree = BUILT_PRODUCTS_DIR;
		};
		988795E91DE8E13000F40708 /* libRCTPushNotification.a */ = {
			isa = PBXReferenceProxy;
			fileType = archive.ar;
			path = libRCTPushNotification.a;
			remoteRef = 988795E81DE8E13000F40708 /* PBXContainerItemProxy */;
			sourceTree = BUILT_PRODUCTS_DIR;
		};
		9887960F1DE8EC9500F40708 /* libRCTAnimation.a */ = {
			isa = PBXReferenceProxy;
			fileType = archive.ar;
			path = libRCTAnimation.a;
			remoteRef = 9887960E1DE8EC9500F40708 /* PBXContainerItemProxy */;
			sourceTree = BUILT_PRODUCTS_DIR;
		};
		988796111DE8EC9500F40708 /* libRCTAnimation-tvOS.a */ = {
			isa = PBXReferenceProxy;
			fileType = archive.ar;
			path = "libRCTAnimation-tvOS.a";
			remoteRef = 988796101DE8EC9500F40708 /* PBXContainerItemProxy */;
			sourceTree = BUILT_PRODUCTS_DIR;
		};
		988796161DE8EC9500F40708 /* libRCTImage-tvOS.a */ = {
			isa = PBXReferenceProxy;
			fileType = archive.ar;
			path = "libRCTImage-tvOS.a";
			remoteRef = 988796151DE8EC9500F40708 /* PBXContainerItemProxy */;
			sourceTree = BUILT_PRODUCTS_DIR;
		};
		9887961A1DE8EC9500F40708 /* libRCTLinking-tvOS.a */ = {
			isa = PBXReferenceProxy;
			fileType = archive.ar;
			path = "libRCTLinking-tvOS.a";
			remoteRef = 988796191DE8EC9500F40708 /* PBXContainerItemProxy */;
			sourceTree = BUILT_PRODUCTS_DIR;
		};
		9887961E1DE8EC9500F40708 /* libRCTNetwork-tvOS.a */ = {
			isa = PBXReferenceProxy;
			fileType = archive.ar;
			path = "libRCTNetwork-tvOS.a";
			remoteRef = 9887961D1DE8EC9500F40708 /* PBXContainerItemProxy */;
			sourceTree = BUILT_PRODUCTS_DIR;
		};
		988796221DE8EC9500F40708 /* libRCTPushNotification-tvOS.a */ = {
			isa = PBXReferenceProxy;
			fileType = archive.ar;
			path = "libRCTPushNotification-tvOS.a";
			remoteRef = 988796211DE8EC9500F40708 /* PBXContainerItemProxy */;
			sourceTree = BUILT_PRODUCTS_DIR;
		};
		988796261DE8EC9500F40708 /* libRCTSettings-tvOS.a */ = {
			isa = PBXReferenceProxy;
			fileType = archive.ar;
			path = "libRCTSettings-tvOS.a";
			remoteRef = 988796251DE8EC9500F40708 /* PBXContainerItemProxy */;
			sourceTree = BUILT_PRODUCTS_DIR;
		};
		9887962A1DE8EC9500F40708 /* libRCTText-tvOS.a */ = {
			isa = PBXReferenceProxy;
			fileType = archive.ar;
			path = "libRCTText-tvOS.a";
			remoteRef = 988796291DE8EC9500F40708 /* PBXContainerItemProxy */;
			sourceTree = BUILT_PRODUCTS_DIR;
		};
		9887962F1DE8EC9500F40708 /* libRCTWebSocket-tvOS.a */ = {
			isa = PBXReferenceProxy;
			fileType = archive.ar;
			path = "libRCTWebSocket-tvOS.a";
			remoteRef = 9887962E1DE8EC9500F40708 /* PBXContainerItemProxy */;
			sourceTree = BUILT_PRODUCTS_DIR;
		};
		988796331DE8EC9500F40708 /* libReact-tvOS.a */ = {
			isa = PBXReferenceProxy;
			fileType = archive.ar;
			path = "libReact-tvOS.a";
			remoteRef = 988796321DE8EC9500F40708 /* PBXContainerItemProxy */;
			sourceTree = BUILT_PRODUCTS_DIR;
		};
		98D028441DB53AA20033330B /* libRNVectorIcons.a */ = {
			isa = PBXReferenceProxy;
			fileType = archive.ar;
			path = libRNVectorIcons.a;
			remoteRef = 98D028431DB53AA20033330B /* PBXContainerItemProxy */;
			sourceTree = BUILT_PRODUCTS_DIR;
		};
		98D0284A1DB671080033330B /* libRNSound.a */ = {
			isa = PBXReferenceProxy;
			fileType = archive.ar;
			path = libRNSound.a;
			remoteRef = 98D028491DB671080033330B /* PBXContainerItemProxy */;
			sourceTree = BUILT_PRODUCTS_DIR;
		};
/* End PBXReferenceProxy section */

/* Begin PBXResourcesBuildPhase section */
		00E356EC1AD99517003FC87E /* Resources */ = {
			isa = PBXResourcesBuildPhase;
			buildActionMask = 2147483647;
			files = (
			);
			runOnlyForDeploymentPostprocessing = 0;
		};
		13B07F8E1A680F5B00A75B9A /* Resources */ = {
			isa = PBXResourcesBuildPhase;
			buildActionMask = 2147483647;
			files = (
				13B07FBF1A68108700A75B9A /* Images.xcassets in Resources */,
				13B07FBD1A68108700A75B9A /* LaunchScreen.xib in Resources */,
				425DEC3E49F847F7A05F8F23 /* Entypo.ttf in Resources */,
				6C6525D234A7492582334F02 /* EvilIcons.ttf in Resources */,
				DE89A98E2BFF4C79AA1C70D1 /* FontAwesome.ttf in Resources */,
				704A3E413CD34F528AE14E80 /* Foundation.ttf in Resources */,
				95F064F57B564048B05E0DE3 /* Ionicons.ttf in Resources */,
				6FD8C46E98524CA09EBD3901 /* MaterialIcons.ttf in Resources */,
				98D0284F1DB686370033330B /* rest.mp3 in Resources */,
				2431882F8FDC4B2FB4CF0F77 /* Octicons.ttf in Resources */,
				98D028511DB6863F0033330B /* exercise-complete.mp3 in Resources */,
				98D028531DB69CC80033330B /* perform-push-ups.mp3 in Resources */,
				98D028551DB6C6F60033330B /* beep.mp3 in Resources */,
				71C3C45190CB4379B05AFAF2 /* Zocial.ttf in Resources */,
			);
			runOnlyForDeploymentPostprocessing = 0;
		};
/* End PBXResourcesBuildPhase section */

/* Begin PBXShellScriptBuildPhase section */
		00DD1BFF1BD5951E006B06BC /* Bundle React Native code and images */ = {
			isa = PBXShellScriptBuildPhase;
			buildActionMask = 2147483647;
			files = (
			);
			inputPaths = (
			);
			name = "Bundle React Native code and images";
			outputPaths = (
			);
			runOnlyForDeploymentPostprocessing = 0;
			shellPath = /bin/sh;
			shellScript = "export NODE_BINARY=node\n../node_modules/react-native/packager/react-native-xcode.sh";
		};
		24093B3B8BDE97951E2AD2E5 /* [CP] Embed Pods Frameworks */ = {
			isa = PBXShellScriptBuildPhase;
			buildActionMask = 2147483647;
			files = (
			);
			inputPaths = (
			);
			name = "[CP] Embed Pods Frameworks";
			outputPaths = (
			);
			runOnlyForDeploymentPostprocessing = 0;
			shellPath = /bin/sh;
			shellScript = "\"${SRCROOT}/Pods/Target Support Files/Pods-PushUpsTests/Pods-PushUpsTests-frameworks.sh\"\n";
			showEnvVarsInLog = 0;
		};
		33734D57BE44ABF68BEFCAD3 /* [CP] Embed Pods Frameworks */ = {
			isa = PBXShellScriptBuildPhase;
			buildActionMask = 2147483647;
			files = (
			);
			inputPaths = (
			);
			name = "[CP] Embed Pods Frameworks";
			outputPaths = (
			);
			runOnlyForDeploymentPostprocessing = 0;
			shellPath = /bin/sh;
			shellScript = "\"${SRCROOT}/Pods/Target Support Files/Pods-PushUps/Pods-PushUps-frameworks.sh\"\n";
			showEnvVarsInLog = 0;
		};
		33DAC4D7061564CF49C693BE /* [CP] Check Pods Manifest.lock */ = {
			isa = PBXShellScriptBuildPhase;
			buildActionMask = 2147483647;
			files = (
			);
			inputPaths = (
			);
			name = "[CP] Check Pods Manifest.lock";
			outputPaths = (
			);
			runOnlyForDeploymentPostprocessing = 0;
			shellPath = /bin/sh;
			shellScript = "diff \"${PODS_ROOT}/../Podfile.lock\" \"${PODS_ROOT}/Manifest.lock\" > /dev/null\nif [ $? != 0 ] ; then\n    # print error to STDERR\n    echo \"error: The sandbox is not in sync with the Podfile.lock. Run 'pod install' or update your CocoaPods installation.\" >&2\n    exit 1\nfi\n";
			showEnvVarsInLog = 0;
		};
		5B6A660B7C9C21221CCFC890 /* [CP] Check Pods Manifest.lock */ = {
			isa = PBXShellScriptBuildPhase;
			buildActionMask = 2147483647;
			files = (
			);
			inputPaths = (
			);
			name = "[CP] Check Pods Manifest.lock";
			outputPaths = (
			);
			runOnlyForDeploymentPostprocessing = 0;
			shellPath = /bin/sh;
			shellScript = "diff \"${PODS_ROOT}/../Podfile.lock\" \"${PODS_ROOT}/Manifest.lock\" > /dev/null\nif [ $? != 0 ] ; then\n    # print error to STDERR\n    echo \"error: The sandbox is not in sync with the Podfile.lock. Run 'pod install' or update your CocoaPods installation.\" >&2\n    exit 1\nfi\n";
			showEnvVarsInLog = 0;
		};
		72CDB7CFC59936DB5CC615EC /* [CP] Copy Pods Resources */ = {
			isa = PBXShellScriptBuildPhase;
			buildActionMask = 2147483647;
			files = (
			);
			inputPaths = (
			);
			name = "[CP] Copy Pods Resources";
			outputPaths = (
			);
			runOnlyForDeploymentPostprocessing = 0;
			shellPath = /bin/sh;
			shellScript = "\"${SRCROOT}/Pods/Target Support Files/Pods-PushUpsTests/Pods-PushUpsTests-resources.sh\"\n";
			showEnvVarsInLog = 0;
		};
		C5129FC4A74722661AA31072 /* [CP] Copy Pods Resources */ = {
			isa = PBXShellScriptBuildPhase;
			buildActionMask = 2147483647;
			files = (
			);
			inputPaths = (
			);
			name = "[CP] Copy Pods Resources";
			outputPaths = (
			);
			runOnlyForDeploymentPostprocessing = 0;
			shellPath = /bin/sh;
			shellScript = "\"${SRCROOT}/Pods/Target Support Files/Pods-PushUps/Pods-PushUps-resources.sh\"\n";
			showEnvVarsInLog = 0;
		};
/* End PBXShellScriptBuildPhase section */

/* Begin PBXSourcesBuildPhase section */
		00E356EA1AD99517003FC87E /* Sources */ = {
			isa = PBXSourcesBuildPhase;
			buildActionMask = 2147483647;
			files = (
				9884A5331DC8134C00CC1F37 /* PushUpsTests.m in Sources */,
			);
			runOnlyForDeploymentPostprocessing = 0;
		};
		13B07F871A680F5B00A75B9A /* Sources */ = {
			isa = PBXSourcesBuildPhase;
			buildActionMask = 2147483647;
			files = (
				984885F31DDE5EA8002F7D73 /* RNBubbleChart.swift in Sources */,
				984885F81DDE5EA8002F7D73 /* RNCombinedChart.m in Sources */,
				984885F61DDE5EA8002F7D73 /* RNCandleStickChart.m in Sources */,
				984885F91DDE5EA8002F7D73 /* RNCombinedChart.swift in Sources */,
				984885EB1DDE5EA8002F7D73 /* BarLineChartViewBaseExtension.swift in Sources */,
				984885F21DDE5EA8002F7D73 /* RNBubbleChart.m in Sources */,
				984885FE1DDE5EA8002F7D73 /* RNLineChart.m in Sources */,
				984886011DDE5EA8002F7D73 /* RNPieChart.m in Sources */,
				984885EE1DDE5EA8002F7D73 /* PieRadarChartViewBaseExtension.swift in Sources */,
				984885F11DDE5EA8002F7D73 /* RNBarChartManager.swift in Sources */,
				984885FD1DDE5EA8002F7D73 /* RNHorizontalBarChartManager.swift in Sources */,
				984885F41DDE5EA8002F7D73 /* RNBubbleChartManager.swift in Sources */,
				984885F01DDE5EA8002F7D73 /* RNBarChart.swift in Sources */,
				984886091DDE5EA8002F7D73 /* RNScatterChartManager.swift in Sources */,
				984886061DDE5EA8002F7D73 /* RNRadarChartManager.swift in Sources */,
				984886081DDE5EA8002F7D73 /* RNScatterChart.swift in Sources */,
				984885F51DDE5EA8002F7D73 /* RNCandleChartManager.swift in Sources */,
				984885EC1DDE5EA8002F7D73 /* chartDataHelpers.swift in Sources */,
				984885FF1DDE5EA8002F7D73 /* RNLineChart.swift in Sources */,
				984885F71DDE5EA8002F7D73 /* RNCandleStickChart.swift in Sources */,
				984886041DDE5EA8002F7D73 /* RNRadarChart.m in Sources */,
				984886071DDE5EA8002F7D73 /* RNScatterChart.m in Sources */,
				984886021DDE5EA8002F7D73 /* RNPieChart.swift in Sources */,
				984885ED1DDE5EA8002F7D73 /* ChartViewBaseExtension.swift in Sources */,
				984885FB1DDE5EA8002F7D73 /* RNHorizontalBarChart.m in Sources */,
				984885EA1DDE5EA8002F7D73 /* ABNumberFormatter.swift in Sources */,
				984886031DDE5EA8002F7D73 /* RNPieChartManager.swift in Sources */,
				13B07FBC1A68108700A75B9A /* AppDelegate.m in Sources */,
				984885EF1DDE5EA8002F7D73 /* RNBarChart.m in Sources */,
				984886001DDE5EA8002F7D73 /* RNLineChartManager.swift in Sources */,
				984885FA1DDE5EA8002F7D73 /* RNCombinedChartManager.swift in Sources */,
				984886051DDE5EA8002F7D73 /* RNRadarChart.swift in Sources */,
				984885FC1DDE5EA8002F7D73 /* RNHorizontalBarChart.swift in Sources */,
				13B07FC11A68108700A75B9A /* main.m in Sources */,
			);
			runOnlyForDeploymentPostprocessing = 0;
		};
/* End PBXSourcesBuildPhase section */

/* Begin PBXTargetDependency section */
		00E356F51AD99517003FC87E /* PBXTargetDependency */ = {
			isa = PBXTargetDependency;
			target = 13B07F861A680F5B00A75B9A /* PushUps */;
			targetProxy = 00E356F41AD99517003FC87E /* PBXContainerItemProxy */;
		};
/* End PBXTargetDependency section */

/* Begin PBXVariantGroup section */
		13B07FB11A68108700A75B9A /* LaunchScreen.xib */ = {
			isa = PBXVariantGroup;
			children = (
				13B07FB21A68108700A75B9A /* Base */,
			);
			name = LaunchScreen.xib;
			path = PushUps;
			sourceTree = "<group>";
		};
/* End PBXVariantGroup section */

/* Begin XCBuildConfiguration section */
		00E356F61AD99517003FC87E /* Debug */ = {
			isa = XCBuildConfiguration;
			baseConfigurationReference = 34CA814DC4CDEAB325772D97 /* Pods-PushUpsTests.debug.xcconfig */;
			buildSettings = {
				ALWAYS_EMBED_SWIFT_STANDARD_LIBRARIES = YES;
				BUNDLE_LOADER = "$(TEST_HOST)";
				DEVELOPMENT_TEAM = BL8K474E8E;
				GCC_PREPROCESSOR_DEFINITIONS = (
					"DEBUG=1",
					"$(inherited)",
				);
				INFOPLIST_FILE = PushUpsTests/Info.plist;
				IPHONEOS_DEPLOYMENT_TARGET = 9.1;
				LD_RUNPATH_SEARCH_PATHS = "$(inherited) @executable_path/Frameworks @loader_path/Frameworks";
				LIBRARY_SEARCH_PATHS = (
					"$(inherited)",
					"\"$(SRCROOT)/$(TARGET_NAME)\"",
					"\"$(SRCROOT)/$(TARGET_NAME)\"",
					"\"$(SRCROOT)/$(TARGET_NAME)\"",
					"\"$(SRCROOT)/$(TARGET_NAME)\"",
					"\"$(SRCROOT)/$(TARGET_NAME)\"",
					"\"$(SRCROOT)/$(TARGET_NAME)\"",
					"\"$(SRCROOT)/$(TARGET_NAME)\"",
					"\"$(SRCROOT)/$(TARGET_NAME)\"",
				);
				OTHER_LDFLAGS = (
					"$(inherited)",
					"-ObjC",
					"-lc++",
				);
				PRODUCT_BUNDLE_IDENTIFIER = "org.reactjs.native.example.$(PRODUCT_NAME:rfc1034identifier)";
				PRODUCT_NAME = "$(TARGET_NAME)";
				TEST_HOST = "$(BUILT_PRODUCTS_DIR)/PushUps.app/PushUps";
			};
			name = Debug;
		};
		00E356F71AD99517003FC87E /* Release */ = {
			isa = XCBuildConfiguration;
			baseConfigurationReference = EFB0829F765F75A2791FC772 /* Pods-PushUpsTests.release.xcconfig */;
			buildSettings = {
				ALWAYS_EMBED_SWIFT_STANDARD_LIBRARIES = YES;
				BUNDLE_LOADER = "$(TEST_HOST)";
				COPY_PHASE_STRIP = NO;
				DEVELOPMENT_TEAM = BL8K474E8E;
				INFOPLIST_FILE = PushUpsTests/Info.plist;
				IPHONEOS_DEPLOYMENT_TARGET = 9.1;
				LD_RUNPATH_SEARCH_PATHS = "$(inherited) @executable_path/Frameworks @loader_path/Frameworks";
				LIBRARY_SEARCH_PATHS = (
					"$(inherited)",
					"\"$(SRCROOT)/$(TARGET_NAME)\"",
					"\"$(SRCROOT)/$(TARGET_NAME)\"",
					"\"$(SRCROOT)/$(TARGET_NAME)\"",
					"\"$(SRCROOT)/$(TARGET_NAME)\"",
					"\"$(SRCROOT)/$(TARGET_NAME)\"",
					"\"$(SRCROOT)/$(TARGET_NAME)\"",
					"\"$(SRCROOT)/$(TARGET_NAME)\"",
					"\"$(SRCROOT)/$(TARGET_NAME)\"",
				);
				OTHER_LDFLAGS = (
					"$(inherited)",
					"-ObjC",
					"-lc++",
				);
				PRODUCT_BUNDLE_IDENTIFIER = "org.reactjs.native.example.$(PRODUCT_NAME:rfc1034identifier)";
				PRODUCT_NAME = "$(TARGET_NAME)";
				TEST_HOST = "$(BUILT_PRODUCTS_DIR)/PushUps.app/PushUps";
			};
			name = Release;
		};
		13B07F941A680F5B00A75B9A /* Debug */ = {
			isa = XCBuildConfiguration;
			baseConfigurationReference = CD630BDB0C95A371513A906C /* Pods-PushUps.debug.xcconfig */;
			buildSettings = {
				ALWAYS_EMBED_SWIFT_STANDARD_LIBRARIES = YES;
				ASSETCATALOG_COMPILER_APPICON_NAME = AppIcon;
				CLANG_ENABLE_MODULES = YES;
				CODE_SIGN_ENTITLEMENTS = PushUps/PushUps.entitlements;
				CURRENT_PROJECT_VERSION = 1;
				DEAD_CODE_STRIPPING = NO;
				DEVELOPMENT_TEAM = BL8K474E8E;
				HEADER_SEARCH_PATHS = (
					"$(inherited)",
					/Applications/Xcode.app/Contents/Developer/Toolchains/XcodeDefault.xctoolchain/usr/include,
					"$(SRCROOT)/../node_modules/react-native/React/**",
					"$(SRCROOT)/../node_modules/react-native-vector-icons/RNVectorIconsManager",
					"$(SRCROOT)/../node_modules/react-native-admob/ios",
					"$(SRCROOT)/../node_modules/react-native-proximity/RNProximity/RNProximity",
					"$(SRCROOT)/../node_modules/react-native-in-app-utils/InAppUtils",
					"$(SRCROOT)/../node_modules/react-native-svg/ios/**",
					"$(SRCROOT)/../node_modules/react-native-svg/ios/**",
					"$(SRCROOT)/../node_modules/react-native-svg/ios/**",
					"$(SRCROOT)/../node_modules/react-native-keep-awake/ios",
					"$(SRCROOT)/../node_modules/react-native/Libraries/PushNotificationIOS/**",
				);
				INFOPLIST_FILE = PushUps/Info.plist;
				IPHONEOS_DEPLOYMENT_TARGET = 9.1;
				LD_RUNPATH_SEARCH_PATHS = "$(inherited) @executable_path/Frameworks";
				OTHER_LDFLAGS = (
					"$(inherited)",
					"-ObjC",
					"-lc++",
				);
				PRODUCT_BUNDLE_IDENTIFIER = com.digitalcompile.pushup;
				PRODUCT_NAME = PushUps;
				SWIFT_OBJC_BRIDGING_HEADER = "PushUps-Bridging-Header.h";
				SWIFT_OPTIMIZATION_LEVEL = "-Onone";
				SWIFT_VERSION = 3.0;
				VERSIONING_SYSTEM = "apple-generic";
			};
			name = Debug;
		};
		13B07F951A680F5B00A75B9A /* Release */ = {
			isa = XCBuildConfiguration;
			baseConfigurationReference = 4DCA1D8E45E9110EC9ED54EE /* Pods-PushUps.release.xcconfig */;
			buildSettings = {
				ALWAYS_EMBED_SWIFT_STANDARD_LIBRARIES = YES;
				ASSETCATALOG_COMPILER_APPICON_NAME = AppIcon;
				CLANG_ENABLE_MODULES = YES;
				CODE_SIGN_ENTITLEMENTS = PushUps/PushUps.entitlements;
				CURRENT_PROJECT_VERSION = 1;
				DEVELOPMENT_TEAM = BL8K474E8E;
				HEADER_SEARCH_PATHS = (
					"$(inherited)",
					/Applications/Xcode.app/Contents/Developer/Toolchains/XcodeDefault.xctoolchain/usr/include,
					"$(SRCROOT)/../node_modules/react-native/React/**",
					"$(SRCROOT)/../node_modules/react-native-vector-icons/RNVectorIconsManager",
					"$(SRCROOT)/../node_modules/react-native-admob/ios",
					"$(SRCROOT)/../node_modules/react-native-proximity/RNProximity/RNProximity",
					"$(SRCROOT)/../node_modules/react-native-in-app-utils/InAppUtils",
					"$(SRCROOT)/../node_modules/react-native-svg/ios/**",
					"$(SRCROOT)/../node_modules/react-native-svg/ios/**",
					"$(SRCROOT)/../node_modules/react-native-svg/ios/**",
					"$(SRCROOT)/../node_modules/react-native-keep-awake/ios",
					"$(SRCROOT)/../node_modules/react-native/Libraries/PushNotificationIOS/**",
				);
				INFOPLIST_FILE = PushUps/Info.plist;
				IPHONEOS_DEPLOYMENT_TARGET = 9.1;
				LD_RUNPATH_SEARCH_PATHS = "$(inherited) @executable_path/Frameworks";
				OTHER_LDFLAGS = (
					"$(inherited)",
					"-ObjC",
					"-lc++",
				);
				PRODUCT_BUNDLE_IDENTIFIER = com.digitalcompile.pushup;
				PRODUCT_NAME = PushUps;
				SWIFT_OBJC_BRIDGING_HEADER = "PushUps-Bridging-Header.h";
				SWIFT_VERSION = 3.0;
				VERSIONING_SYSTEM = "apple-generic";
			};
			name = Release;
		};
		83CBBA201A601CBA00E9B192 /* Debug */ = {
			isa = XCBuildConfiguration;
			buildSettings = {
				ALWAYS_SEARCH_USER_PATHS = NO;
				CLANG_CXX_LANGUAGE_STANDARD = "gnu++0x";
				CLANG_CXX_LIBRARY = "libc++";
				CLANG_ENABLE_MODULES = YES;
				CLANG_ENABLE_OBJC_ARC = YES;
				CLANG_WARN_BOOL_CONVERSION = YES;
				CLANG_WARN_CONSTANT_CONVERSION = YES;
				CLANG_WARN_DIRECT_OBJC_ISA_USAGE = YES_ERROR;
				CLANG_WARN_EMPTY_BODY = YES;
				CLANG_WARN_ENUM_CONVERSION = YES;
				CLANG_WARN_INFINITE_RECURSION = YES;
				CLANG_WARN_INT_CONVERSION = YES;
				CLANG_WARN_OBJC_ROOT_CLASS = YES_ERROR;
				CLANG_WARN_SUSPICIOUS_MOVE = YES;
				CLANG_WARN_UNREACHABLE_CODE = YES;
				CLANG_WARN__DUPLICATE_METHOD_MATCH = YES;
				CODE_SIGN_IDENTITY = "iPhone Distribution: Rhys Owen (BL8K474E8E)";
				"CODE_SIGN_IDENTITY[sdk=iphoneos*]" = "iPhone Developer";
				COPY_PHASE_STRIP = NO;
				ENABLE_STRICT_OBJC_MSGSEND = YES;
				ENABLE_TESTABILITY = YES;
				GCC_C_LANGUAGE_STANDARD = gnu99;
				GCC_DYNAMIC_NO_PIC = NO;
				GCC_NO_COMMON_BLOCKS = YES;
				GCC_OPTIMIZATION_LEVEL = 0;
				GCC_PREPROCESSOR_DEFINITIONS = (
					"DEBUG=1",
					"$(inherited)",
				);
				GCC_SYMBOLS_PRIVATE_EXTERN = NO;
				GCC_WARN_64_TO_32_BIT_CONVERSION = YES;
				GCC_WARN_ABOUT_RETURN_TYPE = YES_ERROR;
				GCC_WARN_UNDECLARED_SELECTOR = YES;
				GCC_WARN_UNINITIALIZED_AUTOS = YES_AGGRESSIVE;
				GCC_WARN_UNUSED_FUNCTION = YES;
				GCC_WARN_UNUSED_VARIABLE = YES;
				HEADER_SEARCH_PATHS = (
					"$(inherited)",
					/Applications/Xcode.app/Contents/Developer/Toolchains/XcodeDefault.xctoolchain/usr/include,
					"$(SRCROOT)/../node_modules/react-native/React/**",
					"$(SRCROOT)/../node_modules/react-native-vector-icons/RNVectorIconsManager",
					"$(SRCROOT)/../node_modules/react-native-admob/ios",
					"$(SRCROOT)/../node_modules/react-native-proximity/RNProximity/RNProximity",
					"$(SRCROOT)/../node_modules/react-native-in-app-utils/InAppUtils",
					"$(SRCROOT)/../node_modules/react-native-svg/ios/**",
					"$(SRCROOT)/../node_modules/react-native-svg/ios/**",
					"$(SRCROOT)/../node_modules/react-native-svg/ios/**",
					"$(SRCROOT)/../node_modules/react-native-keep-awake/ios",
				);
				IPHONEOS_DEPLOYMENT_TARGET = 8.0;
				MTL_ENABLE_DEBUG_INFO = YES;
				ONLY_ACTIVE_ARCH = YES;
				SDKROOT = iphoneos;
				SWIFT_OBJC_BRIDGING_HEADER = "";
			};
			name = Debug;
		};
		83CBBA211A601CBA00E9B192 /* Release */ = {
			isa = XCBuildConfiguration;
			buildSettings = {
				ALWAYS_SEARCH_USER_PATHS = NO;
				CLANG_CXX_LANGUAGE_STANDARD = "gnu++0x";
				CLANG_CXX_LIBRARY = "libc++";
				CLANG_ENABLE_MODULES = YES;
				CLANG_ENABLE_OBJC_ARC = YES;
				CLANG_WARN_BOOL_CONVERSION = YES;
				CLANG_WARN_CONSTANT_CONVERSION = YES;
				CLANG_WARN_DIRECT_OBJC_ISA_USAGE = YES_ERROR;
				CLANG_WARN_EMPTY_BODY = YES;
				CLANG_WARN_ENUM_CONVERSION = YES;
				CLANG_WARN_INFINITE_RECURSION = YES;
				CLANG_WARN_INT_CONVERSION = YES;
				CLANG_WARN_OBJC_ROOT_CLASS = YES_ERROR;
				CLANG_WARN_SUSPICIOUS_MOVE = YES;
				CLANG_WARN_UNREACHABLE_CODE = YES;
				CLANG_WARN__DUPLICATE_METHOD_MATCH = YES;
				CODE_SIGN_IDENTITY = "iPhone Distribution: Rhys Owen (BL8K474E8E)";
				"CODE_SIGN_IDENTITY[sdk=iphoneos*]" = "iPhone Distribution";
				COPY_PHASE_STRIP = YES;
				ENABLE_NS_ASSERTIONS = NO;
				ENABLE_STRICT_OBJC_MSGSEND = YES;
				GCC_C_LANGUAGE_STANDARD = gnu99;
				GCC_NO_COMMON_BLOCKS = YES;
				GCC_WARN_64_TO_32_BIT_CONVERSION = YES;
				GCC_WARN_ABOUT_RETURN_TYPE = YES_ERROR;
				GCC_WARN_UNDECLARED_SELECTOR = YES;
				GCC_WARN_UNINITIALIZED_AUTOS = YES_AGGRESSIVE;
				GCC_WARN_UNUSED_FUNCTION = YES;
				GCC_WARN_UNUSED_VARIABLE = YES;
				HEADER_SEARCH_PATHS = (
					"$(inherited)",
					/Applications/Xcode.app/Contents/Developer/Toolchains/XcodeDefault.xctoolchain/usr/include,
					"$(SRCROOT)/../node_modules/react-native/React/**",
					"$(SRCROOT)/../node_modules/react-native-vector-icons/RNVectorIconsManager",
					"$(SRCROOT)/../node_modules/react-native-admob/ios",
					"$(SRCROOT)/../node_modules/react-native-proximity/RNProximity/RNProximity",
					"$(SRCROOT)/../node_modules/react-native-in-app-utils/InAppUtils",
					"$(SRCROOT)/../node_modules/react-native-svg/ios/**",
					"$(SRCROOT)/../node_modules/react-native-svg/ios/**",
					"$(SRCROOT)/../node_modules/react-native-svg/ios/**",
					"$(SRCROOT)/../node_modules/react-native-keep-awake/ios",
				);
				IPHONEOS_DEPLOYMENT_TARGET = 8.0;
				MTL_ENABLE_DEBUG_INFO = NO;
				SDKROOT = iphoneos;
				SWIFT_OBJC_BRIDGING_HEADER = "";
				SWIFT_OPTIMIZATION_LEVEL = "-Owholemodule";
				VALIDATE_PRODUCT = YES;
			};
			name = Release;
		};
/* End XCBuildConfiguration section */

/* Begin XCConfigurationList section */
		00E357021AD99517003FC87E /* Build configuration list for PBXNativeTarget "PushUpsTests" */ = {
			isa = XCConfigurationList;
			buildConfigurations = (
				00E356F61AD99517003FC87E /* Debug */,
				00E356F71AD99517003FC87E /* Release */,
			);
			defaultConfigurationIsVisible = 0;
			defaultConfigurationName = Release;
		};
		13B07F931A680F5B00A75B9A /* Build configuration list for PBXNativeTarget "PushUps" */ = {
			isa = XCConfigurationList;
			buildConfigurations = (
				13B07F941A680F5B00A75B9A /* Debug */,
				13B07F951A680F5B00A75B9A /* Release */,
			);
			defaultConfigurationIsVisible = 0;
			defaultConfigurationName = Release;
		};
		83CBB9FA1A601CBA00E9B192 /* Build configuration list for PBXProject "PushUps" */ = {
			isa = XCConfigurationList;
			buildConfigurations = (
				83CBBA201A601CBA00E9B192 /* Debug */,
				83CBBA211A601CBA00E9B192 /* Release */,
			);
			defaultConfigurationIsVisible = 0;
			defaultConfigurationName = Release;
		};
/* End XCConfigurationList section */
	};
	rootObject = 83CBB9F71A601CBA00E9B192 /* Project object */;
}
