PODS:
  - Charts (2.2.5):
    - Charts/Core (= 2.2.5)
  - Charts/Core (2.2.5)
  - Firebase/AdMob (3.5.1):
    - Firebase/Analytics
    - Google-Mobile-Ads-SDK (= 7.10.0)
  - Firebase/Analytics (3.5.1):
    - FirebaseAnalytics (~> 3.3.1)
  - Firebase/Core (3.5.1):
    - Firebase/Analytics
  - FirebaseAnalytics (3.3.1):
    - FirebaseInstanceID (~> 1.0)
    - GoogleInterchangeUtilities (~> 1.2)
    - GoogleSymbolUtilities (~> 1.1)
    - GoogleUtilities (~> 1.2)
  - FirebaseInstanceID (1.0.8)
  - Google-Mobile-Ads-SDK (7.10.0)
  - GoogleInterchangeUtilities (1.2.1):
    - GoogleSymbolUtilities (~> 1.0)
  - GoogleSymbolUtilities (1.1.1)
  - GoogleUtilities (1.3.1):
    - GoogleSymbolUtilities (~> 1.0)
  - SwiftyJSON (2.3.2)

DEPENDENCIES:
  - Charts (from `https://github.com/consenlabs/Charts.git`, branch `Swift-3.0`)
  - Firebase/AdMob
  - Firebase/Core
  - SwiftyJSON (from `https://github.com/IBM-Swift/SwiftyJSON.git`)

EXTERNAL SOURCES:
  Charts:
    :branch: Swift-3.0
    :git: https://github.com/consenlabs/Charts.git
  SwiftyJSON:
    :git: https://github.com/IBM-Swift/SwiftyJSON.git

CHECKOUT OPTIONS:
  Charts:
    :commit: 394973c282bfa5e503ffef7434767c869feb3c07
    :git: https://github.com/consenlabs/Charts.git
  SwiftyJSON:
    :commit: 64b0910db5beeec591ffd708888d4fdd373d970e
    :git: https://github.com/IBM-Swift/SwiftyJSON.git

SPEC CHECKSUMS:
  Charts: b48fcc8d7190de910ff9e9748f5360c8ea7856e5
  Firebase: 9b3edeffaf60d56e377dc5281e91c4ba935a5ad9
  FirebaseAnalytics: d968d4d5f6aeb795cd64144337bcd233e530efc6
  FirebaseInstanceID: ba1e640935235e5fac39dfa816fe7660e72e1a8a
  Google-Mobile-Ads-SDK: a833c38292ffaca727036ece7c691ba0a4a57d39
  GoogleInterchangeUtilities: def8415a862effc67d549d5b5b0b9c7a2f97d4de
  GoogleSymbolUtilities: 33117db1b5f290c6fbf259585e4885b4c84b98d7
  GoogleUtilities: 56c5ac05b7aa5dc417a1bb85221a9516e04d7032
  SwiftyJSON: 04ccea08915aa0109039157c7974cf0298da292a

PODFILE CHECKSUM: 164da373f7eef36a66bb455bee5e2c53834ae7b4

COCOAPODS: 1.1.1
